
Microsoft Visual Studio Solution File, Format Version 12.00
# Visual Studio Version 17
VisualStudioVersion = 17.3.32804.467
MinimumVisualStudioVersion = 10.0.40219.1
Project("{9A19103F-16F7-4668-BE54-9A1E7A4F7556}") = "DMSpro.P42.Domain", "src\DMSpro.P42.Domain\DMSpro.P42.Domain.csproj", "{554AD327-6DBA-4F8F-96F8-81CE7A0C863F}"
EndProject
Project("{9A19103F-16F7-4668-BE54-9A1E7A4F7556}") = "DMSpro.P42.eRoute.TestBase", "modules\DMSpro.P42.eRoute\test\DMSpro.P42.eRoute.TestBase\DMSpro.P42.eRoute.TestBase.csproj", "{178269e4-cb7e-445f-bf9f-9df0a2e64c9b}"
EndProject
Project("{9A19103F-16F7-4668-BE54-9A1E7A4F7556}") = "DMSpro.P42.eRoute.HttpApi.Client.ConsoleTestApp", "modules\DMSpro.P42.eRoute\test\DMSpro.P42.eRoute.HttpApi.Client.ConsoleTestApp\DMSpro.P42.eRoute.HttpApi.Client.ConsoleTestApp.csproj", "{da2b9698-71ce-4371-99f8-667f8b5d3026}"
EndProject
Project("{9A19103F-16F7-4668-BE54-9A1E7A4F7556}") = "DMSpro.P42.eRoute.EntityFrameworkCore.Tests", "modules\DMSpro.P42.eRoute\test\DMSpro.P42.eRoute.EntityFrameworkCore.Tests\DMSpro.P42.eRoute.EntityFrameworkCore.Tests.csproj", "{f086b24d-75b6-439e-9405-33e039c4f430}"
EndProject
Project("{9A19103F-16F7-4668-BE54-9A1E7A4F7556}") = "DMSpro.P42.eRoute.Domain.Tests", "modules\DMSpro.P42.eRoute\test\DMSpro.P42.eRoute.Domain.Tests\DMSpro.P42.eRoute.Domain.Tests.csproj", "{755d7856-bfca-41b2-960a-b054d9fc068e}"
EndProject
Project("{9A19103F-16F7-4668-BE54-9A1E7A4F7556}") = "DMSpro.P42.eRoute.Application.Tests", "modules\DMSpro.P42.eRoute\test\DMSpro.P42.eRoute.Application.Tests\DMSpro.P42.eRoute.Application.Tests.csproj", "{6647a992-aa48-4563-9659-a80a0a774615}"
EndProject
Project("{9A19103F-16F7-4668-BE54-9A1E7A4F7556}") = "DMSpro.P42.eRoute.Web", "modules\DMSpro.P42.eRoute\src\DMSpro.P42.eRoute.Web\DMSpro.P42.eRoute.Web.csproj", "{75b0101b-6a15-46cd-9ec8-91138c992f46}"
EndProject
Project("{9A19103F-16F7-4668-BE54-9A1E7A4F7556}") = "DMSpro.P42.eRoute.HttpApi.Client", "modules\DMSpro.P42.eRoute\src\DMSpro.P42.eRoute.HttpApi.Client\DMSpro.P42.eRoute.HttpApi.Client.csproj", "{455ae9d1-4af3-4ca8-b040-4bd6bb49d7bd}"
EndProject
Project("{9A19103F-16F7-4668-BE54-9A1E7A4F7556}") = "DMSpro.P42.eRoute.HttpApi", "modules\DMSpro.P42.eRoute\src\DMSpro.P42.eRoute.HttpApi\DMSpro.P42.eRoute.HttpApi.csproj", "{06d5ca5d-6b29-4c07-a332-a24febaefe8d}"
EndProject
Project("{9A19103F-16F7-4668-BE54-9A1E7A4F7556}") = "DMSpro.P42.eRoute.EntityFrameworkCore", "modules\DMSpro.P42.eRoute\src\DMSpro.P42.eRoute.EntityFrameworkCore\DMSpro.P42.eRoute.EntityFrameworkCore.csproj", "{a03b70d9-d221-458c-9dc5-37ada7ee964e}"
EndProject
Project("{9A19103F-16F7-4668-BE54-9A1E7A4F7556}") = "DMSpro.P42.eRoute.Domain.Shared", "modules\DMSpro.P42.eRoute\src\DMSpro.P42.eRoute.Domain.Shared\DMSpro.P42.eRoute.Domain.Shared.csproj", "{f4f63024-fca4-47b0-9988-5b0c16ba5d89}"
EndProject
Project("{9A19103F-16F7-4668-BE54-9A1E7A4F7556}") = "DMSpro.P42.eRoute.Domain", "modules\DMSpro.P42.eRoute\src\DMSpro.P42.eRoute.Domain\DMSpro.P42.eRoute.Domain.csproj", "{47d81721-a1fb-4648-9d39-852f27e23bf5}"
EndProject
Project("{9A19103F-16F7-4668-BE54-9A1E7A4F7556}") = "DMSpro.P42.eRoute.Application.Contracts", "modules\DMSpro.P42.eRoute\src\DMSpro.P42.eRoute.Application.Contracts\DMSpro.P42.eRoute.Application.Contracts.csproj", "{df43e89f-a8bd-4008-83c7-a7bae105c0ae}"
EndProject
Project("{9A19103F-16F7-4668-BE54-9A1E7A4F7556}") = "DMSpro.P42.eRoute.Application", "modules\DMSpro.P42.eRoute\src\DMSpro.P42.eRoute.Application\DMSpro.P42.eRoute.Application.csproj", "{0cf0dc36-a892-4776-968e-0f360f234103}"
EndProject
Project("{2150E333-8FDC-42A3-9474-1A3956D46DE8}") = "DMSpro.P42.eRoute.Tests", "DMSpro.P42.eRoute.Tests", "{50ba77d6-5441-4ffe-842b-b9537d4a3599}"
EndProject
Project("{2150E333-8FDC-42A3-9474-1A3956D46DE8}") = "DMSpro.P42.eRoute", "DMSpro.P42.eRoute", "{1b102b19-0f4c-449a-9864-69652f1ed145}"
EndProject
Project("{9A19103F-16F7-4668-BE54-9A1E7A4F7556}") = "Volo.Abp.Account.Pro.Application.Tests", "modules\Volo.Account.Pro\test\Volo.Abp.Account.Pro.Application.Tests\Volo.Abp.Account.Pro.Application.Tests.csproj", "{04ca6d3d-8fc2-449c-90d6-f10c0bd3aa5e}"
EndProject
Project("{9A19103F-16F7-4668-BE54-9A1E7A4F7556}") = "Volo.Abp.Account.Pro.Shared.Application.Contracts", "modules\Volo.Account.Pro\src\Volo.Abp.Account.Pro.Shared.Application.Contracts\Volo.Abp.Account.Pro.Shared.Application.Contracts.csproj", "{2d23b308-d5bc-4264-a720-c2323ea8a989}"
EndProject
Project("{9A19103F-16F7-4668-BE54-9A1E7A4F7556}") = "Volo.Abp.Account.Pro.Shared.Application", "modules\Volo.Account.Pro\src\Volo.Abp.Account.Pro.Shared.Application\Volo.Abp.Account.Pro.Shared.Application.csproj", "{8bb9a343-b81f-438d-8e94-9f65e332fb02}"
EndProject
Project("{9A19103F-16F7-4668-BE54-9A1E7A4F7556}") = "Volo.Abp.Account.Pro.Public.Web.Impersonation", "modules\Volo.Account.Pro\src\Volo.Abp.Account.Pro.Public.Web.Impersonation\Volo.Abp.Account.Pro.Public.Web.Impersonation.csproj", "{3e26a611-4182-4095-a08f-d203891afdaa}"
EndProject
Project("{9A19103F-16F7-4668-BE54-9A1E7A4F7556}") = "Volo.Abp.Account.Pro.Public.Web.IdentityServer", "modules\Volo.Account.Pro\src\Volo.Abp.Account.Pro.Public.Web.IdentityServer\Volo.Abp.Account.Pro.Public.Web.IdentityServer.csproj", "{36cf9e85-93c4-4c06-931a-f9e5ccd6fd78}"
EndProject
Project("{9A19103F-16F7-4668-BE54-9A1E7A4F7556}") = "Volo.Abp.Account.Pro.Public.Web", "modules\Volo.Account.Pro\src\Volo.Abp.Account.Pro.Public.Web\Volo.Abp.Account.Pro.Public.Web.csproj", "{c84e2068-d206-420c-be33-744674ec3549}"
EndProject
Project("{9A19103F-16F7-4668-BE54-9A1E7A4F7556}") = "Volo.Abp.Account.Pro.Public.HttpApi.Client", "modules\Volo.Account.Pro\src\Volo.Abp.Account.Pro.Public.HttpApi.Client\Volo.Abp.Account.Pro.Public.HttpApi.Client.csproj", "{c35c023f-512b-4659-92ab-2a7c537676a2}"
EndProject
Project("{9A19103F-16F7-4668-BE54-9A1E7A4F7556}") = "Volo.Abp.Account.Pro.Public.HttpApi", "modules\Volo.Account.Pro\src\Volo.Abp.Account.Pro.Public.HttpApi\Volo.Abp.Account.Pro.Public.HttpApi.csproj", "{daf6170c-45d3-4b87-8bbd-a65685b6eafb}"
EndProject
Project("{9A19103F-16F7-4668-BE54-9A1E7A4F7556}") = "Volo.Abp.Account.Pro.Public.Blazor.Server", "modules\Volo.Account.Pro\src\Volo.Abp.Account.Pro.Public.Blazor.Server\Volo.Abp.Account.Pro.Public.Blazor.Server.csproj", "{24f5213d-044b-44cc-99d2-0b3685aede0b}"
EndProject
Project("{9A19103F-16F7-4668-BE54-9A1E7A4F7556}") = "Volo.Abp.Account.Pro.Public.Blazor", "modules\Volo.Account.Pro\src\Volo.Abp.Account.Pro.Public.Blazor\Volo.Abp.Account.Pro.Public.Blazor.csproj", "{1b90b2d3-f300-4bec-803c-94a548b03696}"
EndProject
Project("{9A19103F-16F7-4668-BE54-9A1E7A4F7556}") = "Volo.Abp.Account.Pro.Public.Application.Contracts", "modules\Volo.Account.Pro\src\Volo.Abp.Account.Pro.Public.Application.Contracts\Volo.Abp.Account.Pro.Public.Application.Contracts.csproj", "{46d91e84-2a11-4eef-9ba5-e2cc91d58218}"
EndProject
Project("{9A19103F-16F7-4668-BE54-9A1E7A4F7556}") = "Volo.Abp.Account.Pro.Public.Application", "modules\Volo.Account.Pro\src\Volo.Abp.Account.Pro.Public.Application\Volo.Abp.Account.Pro.Public.Application.csproj", "{6ccab032-20db-45be-a0d9-afb6afc84389}"
EndProject
Project("{9A19103F-16F7-4668-BE54-9A1E7A4F7556}") = "Volo.Abp.Account.Pro.Installer", "modules\Volo.Account.Pro\src\Volo.Abp.Account.Pro.Installer\Volo.Abp.Account.Pro.Installer.csproj", "{a90c3043-e4b9-4aa6-b53a-8514ac0476e7}"
EndProject
Project("{9A19103F-16F7-4668-BE54-9A1E7A4F7556}") = "Volo.Abp.Account.Pro.Admin.Web", "modules\Volo.Account.Pro\src\Volo.Abp.Account.Pro.Admin.Web\Volo.Abp.Account.Pro.Admin.Web.csproj", "{c9f719aa-1e41-4c9d-816e-c0104d4387a5}"
EndProject
Project("{9A19103F-16F7-4668-BE54-9A1E7A4F7556}") = "Volo.Abp.Account.Pro.Admin.HttpApi.Client", "modules\Volo.Account.Pro\src\Volo.Abp.Account.Pro.Admin.HttpApi.Client\Volo.Abp.Account.Pro.Admin.HttpApi.Client.csproj", "{c53486da-d663-4f77-acfa-ea8330646c5a}"
EndProject
Project("{9A19103F-16F7-4668-BE54-9A1E7A4F7556}") = "Volo.Abp.Account.Pro.Admin.HttpApi", "modules\Volo.Account.Pro\src\Volo.Abp.Account.Pro.Admin.HttpApi\Volo.Abp.Account.Pro.Admin.HttpApi.csproj", "{ad8ade54-7969-4eed-ad53-61f05b80c2d8}"
EndProject
Project("{9A19103F-16F7-4668-BE54-9A1E7A4F7556}") = "Volo.Abp.Account.Pro.Admin.Blazor.WebAssembly", "modules\Volo.Account.Pro\src\Volo.Abp.Account.Pro.Admin.Blazor.WebAssembly\Volo.Abp.Account.Pro.Admin.Blazor.WebAssembly.csproj", "{619c8838-c35d-4b49-9c95-1d13717a8d64}"
EndProject
Project("{9A19103F-16F7-4668-BE54-9A1E7A4F7556}") = "Volo.Abp.Account.Pro.Admin.Blazor.Server", "modules\Volo.Account.Pro\src\Volo.Abp.Account.Pro.Admin.Blazor.Server\Volo.Abp.Account.Pro.Admin.Blazor.Server.csproj", "{ddbfea44-d514-4380-a094-c63ca3769906}"
EndProject
Project("{9A19103F-16F7-4668-BE54-9A1E7A4F7556}") = "Volo.Abp.Account.Pro.Admin.Blazor", "modules\Volo.Account.Pro\src\Volo.Abp.Account.Pro.Admin.Blazor\Volo.Abp.Account.Pro.Admin.Blazor.csproj", "{c9f29249-3183-432c-9e25-0de3c904e6d3}"
EndProject
Project("{9A19103F-16F7-4668-BE54-9A1E7A4F7556}") = "Volo.Abp.Account.Pro.Admin.Application.Contracts", "modules\Volo.Account.Pro\src\Volo.Abp.Account.Pro.Admin.Application.Contracts\Volo.Abp.Account.Pro.Admin.Application.Contracts.csproj", "{bd66f210-f297-4924-84a6-56dc6b28224b}"
EndProject
Project("{9A19103F-16F7-4668-BE54-9A1E7A4F7556}") = "Volo.Abp.Account.Pro.Admin.Application", "modules\Volo.Account.Pro\src\Volo.Abp.Account.Pro.Admin.Application\Volo.Abp.Account.Pro.Admin.Application.csproj", "{a14ef535-ff72-47c5-9ec6-55ad8a314fd6}"
EndProject
Project("{2150E333-8FDC-42A3-9474-1A3956D46DE8}") = "Volo.Account.Pro.Tests", "Volo.Account.Pro.Tests", "{da9eb755-851d-4cb3-beaf-117976cbc34e}"
EndProject
Project("{2150E333-8FDC-42A3-9474-1A3956D46DE8}") = "Volo.Account.Pro", "Volo.Account.Pro", "{9c00ac5e-772a-4d6f-bc71-1d43cd985a2e}"
EndProject
Project("{9A19103F-16F7-4668-BE54-9A1E7A4F7556}") = "Volo.Abp.Identity.Pro.TestBase", "modules\Volo.Identity.Pro\test\Volo.Abp.Identity.Pro.TestBase\Volo.Abp.Identity.Pro.TestBase.csproj", "{806f5d75-a223-4bcf-a902-ff3e4e09f822}"
EndProject
Project("{9A19103F-16F7-4668-BE54-9A1E7A4F7556}") = "Volo.Abp.Identity.Pro.EntityFrameworkCore.Tests", "modules\Volo.Identity.Pro\test\Volo.Abp.Identity.Pro.EntityFrameworkCore.Tests\Volo.Abp.Identity.Pro.EntityFrameworkCore.Tests.csproj", "{f8deaa52-7cf1-4689-98dd-54ed14b9d564}"
EndProject
Project("{9A19103F-16F7-4668-BE54-9A1E7A4F7556}") = "Volo.Abp.Identity.Pro.Domain.Tests", "modules\Volo.Identity.Pro\test\Volo.Abp.Identity.Pro.Domain.Tests\Volo.Abp.Identity.Pro.Domain.Tests.csproj", "{5852e7fb-4a54-4c11-bf82-f146de9a5e48}"
EndProject
Project("{9A19103F-16F7-4668-BE54-9A1E7A4F7556}") = "Volo.Abp.Identity.Pro.Application.Tests", "modules\Volo.Identity.Pro\test\Volo.Abp.Identity.Pro.Application.Tests\Volo.Abp.Identity.Pro.Application.Tests.csproj", "{8ab48d82-de1d-4c0c-b945-fc28990b82b7}"
EndProject
Project("{9A19103F-16F7-4668-BE54-9A1E7A4F7556}") = "Volo.Abp.Identity.Pro.Web", "modules\Volo.Identity.Pro\src\Volo.Abp.Identity.Pro.Web\Volo.Abp.Identity.Pro.Web.csproj", "{544f70d8-3d17-41e6-9e26-d8a119d023e1}"
EndProject
Project("{9A19103F-16F7-4668-BE54-9A1E7A4F7556}") = "Volo.Abp.Identity.Pro.Installer", "modules\Volo.Identity.Pro\src\Volo.Abp.Identity.Pro.Installer\Volo.Abp.Identity.Pro.Installer.csproj", "{16c9c975-9aab-4fa5-b5c8-3b0432708f97}"
EndProject
Project("{9A19103F-16F7-4668-BE54-9A1E7A4F7556}") = "Volo.Abp.Identity.Pro.HttpApi.Client", "modules\Volo.Identity.Pro\src\Volo.Abp.Identity.Pro.HttpApi.Client\Volo.Abp.Identity.Pro.HttpApi.Client.csproj", "{994008d6-c7a2-45b2-9cb5-53c99a680638}"
EndProject
Project("{9A19103F-16F7-4668-BE54-9A1E7A4F7556}") = "Volo.Abp.Identity.Pro.HttpApi", "modules\Volo.Identity.Pro\src\Volo.Abp.Identity.Pro.HttpApi\Volo.Abp.Identity.Pro.HttpApi.csproj", "{2baa8a41-c8b4-4e2c-bdb0-d252a506b4a0}"
EndProject
Project("{9A19103F-16F7-4668-BE54-9A1E7A4F7556}") = "Volo.Abp.Identity.Pro.EntityFrameworkCore", "modules\Volo.Identity.Pro\src\Volo.Abp.Identity.Pro.EntityFrameworkCore\Volo.Abp.Identity.Pro.EntityFrameworkCore.csproj", "{a268a845-29c4-43c3-b060-d7bbca057b64}"
EndProject
Project("{9A19103F-16F7-4668-BE54-9A1E7A4F7556}") = "Volo.Abp.Identity.Pro.Domain.Shared", "modules\Volo.Identity.Pro\src\Volo.Abp.Identity.Pro.Domain.Shared\Volo.Abp.Identity.Pro.Domain.Shared.csproj", "{8026f7e7-d07b-45d7-9082-3c0eab95389b}"
EndProject
Project("{9A19103F-16F7-4668-BE54-9A1E7A4F7556}") = "Volo.Abp.Identity.Pro.Domain", "modules\Volo.Identity.Pro\src\Volo.Abp.Identity.Pro.Domain\Volo.Abp.Identity.Pro.Domain.csproj", "{d8cce28a-d08e-45c2-bad6-103188d5586c}"
EndProject
Project("{9A19103F-16F7-4668-BE54-9A1E7A4F7556}") = "Volo.Abp.Identity.Pro.Application.Contracts", "modules\Volo.Identity.Pro\src\Volo.Abp.Identity.Pro.Application.Contracts\Volo.Abp.Identity.Pro.Application.Contracts.csproj", "{96694110-a544-4548-ba87-48a6efd95be2}"
EndProject
Project("{9A19103F-16F7-4668-BE54-9A1E7A4F7556}") = "Volo.Abp.Identity.Pro.Application", "modules\Volo.Identity.Pro\src\Volo.Abp.Identity.Pro.Application\Volo.Abp.Identity.Pro.Application.csproj", "{91e3022e-a436-4252-9809-dd9f8a44a28c}"
EndProject
Project("{2150E333-8FDC-42A3-9474-1A3956D46DE8}") = "Volo.Identity.Pro.Tests", "Volo.Identity.Pro.Tests", "{ee22e96b-8716-4a5a-b851-fcee909967b6}"
EndProject
Project("{2150E333-8FDC-42A3-9474-1A3956D46DE8}") = "Volo.Identity.Pro", "Volo.Identity.Pro", "{2a816990-325b-46d6-82ad-29538511faed}"
EndProject
Project("{9A19103F-16F7-4668-BE54-9A1E7A4F7556}") = "DMSpro.P42.MDM.TestBase", "modules\DMSpro.P42.MDM\test\DMSpro.P42.MDM.TestBase\DMSpro.P42.MDM.TestBase.csproj", "{A2B63445-7F08-477C-999F-7FE73BD2546D}"
EndProject
Project("{9A19103F-16F7-4668-BE54-9A1E7A4F7556}") = "DMSpro.P42.MDM.HttpApi.Client.ConsoleTestApp", "modules\DMSpro.P42.MDM\test\DMSpro.P42.MDM.HttpApi.Client.ConsoleTestApp\DMSpro.P42.MDM.HttpApi.Client.ConsoleTestApp.csproj", "{CA6F027C-3DC7-4F4C-BDFD-2628730F7539}"
EndProject
Project("{9A19103F-16F7-4668-BE54-9A1E7A4F7556}") = "DMSpro.P42.MDM.EntityFrameworkCore.Tests", "modules\DMSpro.P42.MDM\test\DMSpro.P42.MDM.EntityFrameworkCore.Tests\DMSpro.P42.MDM.EntityFrameworkCore.Tests.csproj", "{0E746053-C282-40A8-8EF7-67376E8D3B8D}"
EndProject
Project("{9A19103F-16F7-4668-BE54-9A1E7A4F7556}") = "DMSpro.P42.MDM.Domain.Tests", "modules\DMSpro.P42.MDM\test\DMSpro.P42.MDM.Domain.Tests\DMSpro.P42.MDM.Domain.Tests.csproj", "{7C609310-ED32-4171-8E0B-4943EFD84FF2}"
EndProject
Project("{9A19103F-16F7-4668-BE54-9A1E7A4F7556}") = "DMSpro.P42.MDM.Application.Tests", "modules\DMSpro.P42.MDM\test\DMSpro.P42.MDM.Application.Tests\DMSpro.P42.MDM.Application.Tests.csproj", "{57A656ED-2FDF-467E-929B-6E55B219B4F0}"
EndProject
Project("{9A19103F-16F7-4668-BE54-9A1E7A4F7556}") = "DMSpro.P42.MDM.Web", "modules\DMSpro.P42.MDM\src\DMSpro.P42.MDM.Web\DMSpro.P42.MDM.Web.csproj", "{7D52D46C-61E6-40DD-9BE5-F5FDA4C2D081}"
EndProject
Project("{9A19103F-16F7-4668-BE54-9A1E7A4F7556}") = "DMSpro.P42.MDM.HttpApi.Client", "modules\DMSpro.P42.MDM\src\DMSpro.P42.MDM.HttpApi.Client\DMSpro.P42.MDM.HttpApi.Client.csproj", "{1DC2E238-4C21-4BFD-B5FD-28BE8B48E1D6}"
EndProject
Project("{9A19103F-16F7-4668-BE54-9A1E7A4F7556}") = "DMSpro.P42.MDM.HttpApi", "modules\DMSpro.P42.MDM\src\DMSpro.P42.MDM.HttpApi\DMSpro.P42.MDM.HttpApi.csproj", "{8F48F6E0-E295-459D-805C-8D04117F4F3F}"
EndProject
Project("{9A19103F-16F7-4668-BE54-9A1E7A4F7556}") = "DMSpro.P42.MDM.EntityFrameworkCore", "modules\DMSpro.P42.MDM\src\DMSpro.P42.MDM.EntityFrameworkCore\DMSpro.P42.MDM.EntityFrameworkCore.csproj", "{183116FE-E0A2-47A8-8E8B-97BE37777A8E}"
EndProject
Project("{9A19103F-16F7-4668-BE54-9A1E7A4F7556}") = "DMSpro.P42.MDM.Domain.Shared", "modules\DMSpro.P42.MDM\src\DMSpro.P42.MDM.Domain.Shared\DMSpro.P42.MDM.Domain.Shared.csproj", "{2CA956F4-ED4C-44F9-9B82-6CE74A2C477D}"
EndProject
Project("{9A19103F-16F7-4668-BE54-9A1E7A4F7556}") = "DMSpro.P42.MDM.Domain", "modules\DMSpro.P42.MDM\src\DMSpro.P42.MDM.Domain\DMSpro.P42.MDM.Domain.csproj", "{CD0A995A-148B-4A50-8720-A2C66205CAA5}"
EndProject
Project("{9A19103F-16F7-4668-BE54-9A1E7A4F7556}") = "DMSpro.P42.MDM.Application.Contracts", "modules\DMSpro.P42.MDM\src\DMSpro.P42.MDM.Application.Contracts\DMSpro.P42.MDM.Application.Contracts.csproj", "{B349764E-ED03-49CA-BA08-EDDCA6287B49}"
EndProject
Project("{9A19103F-16F7-4668-BE54-9A1E7A4F7556}") = "DMSpro.P42.MDM.Application", "modules\DMSpro.P42.MDM\src\DMSpro.P42.MDM.Application\DMSpro.P42.MDM.Application.csproj", "{CDD05C13-7B16-4B3E-9AAE-DE9F04C8F66D}"
EndProject
Project("{2150E333-8FDC-42A3-9474-1A3956D46DE8}") = "DMSpro.P42.MDM.Tests", "DMSpro.P42.MDM.Tests", "{74A68101-BB81-43DE-BA0F-F1DDF10CC875}"
EndProject
Project("{2150E333-8FDC-42A3-9474-1A3956D46DE8}") = "DMSpro.P42.MDM", "DMSpro.P42.MDM", "{A3490697-8D7B-4468-985D-B8CD9BB88224}"
EndProject
Project("{9A19103F-16F7-4668-BE54-9A1E7A4F7556}") = "DMSpro.P42.SO.TestBase", "modules\DMSpro.P42.SO\test\DMSpro.P42.SO.TestBase\DMSpro.P42.SO.TestBase.csproj", "{8C972E3C-E0D6-41CA-A982-F8C8BBD7097C}"
EndProject
Project("{9A19103F-16F7-4668-BE54-9A1E7A4F7556}") = "DMSpro.P42.SO.HttpApi.Client.ConsoleTestApp", "modules\DMSpro.P42.SO\test\DMSpro.P42.SO.HttpApi.Client.ConsoleTestApp\DMSpro.P42.SO.HttpApi.Client.ConsoleTestApp.csproj", "{0B7885A5-30F8-4395-A4FD-3E6CAA3EF3B7}"
EndProject
Project("{9A19103F-16F7-4668-BE54-9A1E7A4F7556}") = "DMSpro.P42.SO.EntityFrameworkCore.Tests", "modules\DMSpro.P42.SO\test\DMSpro.P42.SO.EntityFrameworkCore.Tests\DMSpro.P42.SO.EntityFrameworkCore.Tests.csproj", "{54563DC8-6FD9-4678-A500-6E89E6A053BC}"
EndProject
Project("{9A19103F-16F7-4668-BE54-9A1E7A4F7556}") = "DMSpro.P42.SO.Domain.Tests", "modules\DMSpro.P42.SO\test\DMSpro.P42.SO.Domain.Tests\DMSpro.P42.SO.Domain.Tests.csproj", "{38C49DDA-5D3E-409F-AD82-1F201C8B3817}"
EndProject
Project("{9A19103F-16F7-4668-BE54-9A1E7A4F7556}") = "DMSpro.P42.SO.Application.Tests", "modules\DMSpro.P42.SO\test\DMSpro.P42.SO.Application.Tests\DMSpro.P42.SO.Application.Tests.csproj", "{9EF6CE22-F079-4824-AA89-3641C680AD26}"
EndProject
Project("{9A19103F-16F7-4668-BE54-9A1E7A4F7556}") = "DMSpro.P42.SO.Web", "modules\DMSpro.P42.SO\src\DMSpro.P42.SO.Web\DMSpro.P42.SO.Web.csproj", "{2D98A471-0B48-4032-A3EF-A92377A8967C}"
EndProject
Project("{9A19103F-16F7-4668-BE54-9A1E7A4F7556}") = "DMSpro.P42.SO.HttpApi.Client", "modules\DMSpro.P42.SO\src\DMSpro.P42.SO.HttpApi.Client\DMSpro.P42.SO.HttpApi.Client.csproj", "{003D8767-CD93-402C-B022-136C94550B99}"
EndProject
Project("{9A19103F-16F7-4668-BE54-9A1E7A4F7556}") = "DMSpro.P42.SO.HttpApi", "modules\DMSpro.P42.SO\src\DMSpro.P42.SO.HttpApi\DMSpro.P42.SO.HttpApi.csproj", "{085F36E4-FE64-43FB-81D2-AF6FCD33681A}"
EndProject
Project("{9A19103F-16F7-4668-BE54-9A1E7A4F7556}") = "DMSpro.P42.SO.EntityFrameworkCore", "modules\DMSpro.P42.SO\src\DMSpro.P42.SO.EntityFrameworkCore\DMSpro.P42.SO.EntityFrameworkCore.csproj", "{E4150E03-3BCF-4FE9-89AE-A10A8027FB73}"
EndProject
Project("{9A19103F-16F7-4668-BE54-9A1E7A4F7556}") = "DMSpro.P42.SO.Domain.Shared", "modules\DMSpro.P42.SO\src\DMSpro.P42.SO.Domain.Shared\DMSpro.P42.SO.Domain.Shared.csproj", "{14C5366C-CEC3-4EFB-B95E-371AF4EA55D0}"
EndProject
Project("{9A19103F-16F7-4668-BE54-9A1E7A4F7556}") = "DMSpro.P42.SO.Domain", "modules\DMSpro.P42.SO\src\DMSpro.P42.SO.Domain\DMSpro.P42.SO.Domain.csproj", "{EBDD2F66-940D-4BA5-958F-EB6A88C1F03D}"
EndProject
Project("{9A19103F-16F7-4668-BE54-9A1E7A4F7556}") = "DMSpro.P42.SO.Application.Contracts", "modules\DMSpro.P42.SO\src\DMSpro.P42.SO.Application.Contracts\DMSpro.P42.SO.Application.Contracts.csproj", "{7C0054BD-192A-4BA7-90DE-123228A9D48B}"
EndProject
Project("{9A19103F-16F7-4668-BE54-9A1E7A4F7556}") = "DMSpro.P42.SO.Application", "modules\DMSpro.P42.SO\src\DMSpro.P42.SO.Application\DMSpro.P42.SO.Application.csproj", "{EF3E2473-0CB9-4A49-9A6A-DC851536BA15}"
EndProject
Project("{2150E333-8FDC-42A3-9474-1A3956D46DE8}") = "DMSpro.P42.SO.Tests", "DMSpro.P42.SO.Tests", "{6EC387A7-C259-45B8-ABE7-A9132DF63813}"
EndProject
Project("{2150E333-8FDC-42A3-9474-1A3956D46DE8}") = "DMSpro.P42.SO", "DMSpro.P42.SO", "{4EE8A31F-E207-4D4C-828A-CD917C64D947}"
EndProject
Project("{2150E333-8FDC-42A3-9474-1A3956D46DE8}") = "modules", "modules", "{2093BE0C-0CF5-4965-AD30-F9B629CED09C}"
EndProject
Project("{9A19103F-16F7-4668-BE54-9A1E7A4F7556}") = "DMSpro.P42.Application", "src\DMSpro.P42.Application\DMSpro.P42.Application.csproj", "{1A94A50E-06DC-43C1-80B5-B662820EC3EB}"
EndProject
Project("{2150E333-8FDC-42A3-9474-1A3956D46DE8}") = "src", "src", "{CA9AC87F-097E-4F15-8393-4BC07735A5B0}"
EndProject
Project("{2150E333-8FDC-42A3-9474-1A3956D46DE8}") = "test", "test", "{04DBDB01-70F4-4E06-B468-8F87850B22BE}"
EndProject
Project("{9A19103F-16F7-4668-BE54-9A1E7A4F7556}") = "DMSpro.P42.Application.Tests", "test\DMSpro.P42.Application.Tests\DMSpro.P42.Application.Tests.csproj", "{50B2631D-129C-47B3-A587-029CCD6099BC}"
EndProject
Project("{9A19103F-16F7-4668-BE54-9A1E7A4F7556}") = "DMSpro.P42.EntityFrameworkCore", "src\DMSpro.P42.EntityFrameworkCore\DMSpro.P42.EntityFrameworkCore.csproj", "{0372FA84-C517-4EB3-9A9F-B9ACAC0CA5E0}"
EndProject
Project("{9A19103F-16F7-4668-BE54-9A1E7A4F7556}") = "DMSpro.P42.Domain.Shared", "src\DMSpro.P42.Domain.Shared\DMSpro.P42.Domain.Shared.csproj", "{42F719ED-8413-4895-B5B4-5AB56079BC66}"
EndProject
Project("{9A19103F-16F7-4668-BE54-9A1E7A4F7556}") = "DMSpro.P42.Application.Contracts", "src\DMSpro.P42.Application.Contracts\DMSpro.P42.Application.Contracts.csproj", "{520659C8-C734-4298-A3DA-B539DB9DFC0B}"
EndProject
Project("{9A19103F-16F7-4668-BE54-9A1E7A4F7556}") = "DMSpro.P42.HttpApi", "src\DMSpro.P42.HttpApi\DMSpro.P42.HttpApi.csproj", "{4164BDF7-F527-4E85-9CE6-E3C2D7426A27}"
EndProject
Project("{9A19103F-16F7-4668-BE54-9A1E7A4F7556}") = "DMSpro.P42.HttpApi.Client", "src\DMSpro.P42.HttpApi.Client\DMSpro.P42.HttpApi.Client.csproj", "{3B5A0094-670D-4BB1-BFDD-61B88A8773DC}"
EndProject
Project("{9A19103F-16F7-4668-BE54-9A1E7A4F7556}") = "DMSpro.P42.Web", "src\DMSpro.P42.Web\DMSpro.P42.Web.csproj", "{6FE54035-9C11-4702-A5E2-D16F23101468}"
EndProject
Project("{9A19103F-16F7-4668-BE54-9A1E7A4F7556}") = "DMSpro.P42.IdentityServer", "src\DMSpro.P42.IdentityServer\DMSpro.P42.IdentityServer.csproj", "{073C361E-B8F4-49F5-93CC-72A3FF49C026}"
EndProject
Project("{9A19103F-16F7-4668-BE54-9A1E7A4F7556}") = "DMSpro.P42.HttpApi.Host", "src\DMSpro.P42.HttpApi.Host\DMSpro.P42.HttpApi.Host.csproj", "{E6D5BF0E-DE92-4D82-A352-EF04B37CB11C}"
EndProject
Project("{9A19103F-16F7-4668-BE54-9A1E7A4F7556}") = "DMSpro.P42.EntityFrameworkCore.Tests", "test\DMSpro.P42.EntityFrameworkCore.Tests\DMSpro.P42.EntityFrameworkCore.Tests.csproj", "{1FE30EB9-74A9-47F5-A9F6-7B1FAB672D81}"
EndProject
Project("{9A19103F-16F7-4668-BE54-9A1E7A4F7556}") = "DMSpro.P42.TestBase", "test\DMSpro.P42.TestBase\DMSpro.P42.TestBase.csproj", "{91853F21-9CD9-4132-BC29-A7D5D84FFFE7}"
EndProject
Project("{9A19103F-16F7-4668-BE54-9A1E7A4F7556}") = "DMSpro.P42.Domain.Tests", "test\DMSpro.P42.Domain.Tests\DMSpro.P42.Domain.Tests.csproj", "{E512F4D9-9375-480F-A2F6-A46509F9D824}"
EndProject
Project("{9A19103F-16F7-4668-BE54-9A1E7A4F7556}") = "DMSpro.P42.HttpApi.Client.ConsoleTestApp", "test\DMSpro.P42.HttpApi.Client.ConsoleTestApp\DMSpro.P42.HttpApi.Client.ConsoleTestApp.csproj", "{EF480016-9127-4916-8735-D2466BDBC582}"
EndProject
Project("{9A19103F-16F7-4668-BE54-9A1E7A4F7556}") = "DMSpro.P42.DbMigrator", "src\DMSpro.P42.DbMigrator\DMSpro.P42.DbMigrator.csproj", "{70680696-BB1E-4383-BCB2-42C3767171FB}"
EndProject
Project("{2150E333-8FDC-42A3-9474-1A3956D46DE8}") = "Solution Items", "Solution Items", "{813CBC77-996C-4849-8AAB-4A28D9AC3A46}"
	ProjectSection(SolutionItems) = preProject
		.editorconfig = .editorconfig
	EndProjectSection
EndProject
Global
	GlobalSection(SolutionConfigurationPlatforms) = preSolution
		Debug|Any CPU = Debug|Any CPU
		Release|Any CPU = Release|Any CPU
	EndGlobalSection
	GlobalSection(ProjectConfigurationPlatforms) = postSolution
		{178269e4-cb7e-445f-bf9f-9df0a2e64c9b}.Debug|Any CPU.ActiveCfg = Debug|Any CPU
		{178269e4-cb7e-445f-bf9f-9df0a2e64c9b}.Debug|Any CPU.Build.0 = Debug|Any CPU
		{178269e4-cb7e-445f-bf9f-9df0a2e64c9b}.Release|Any CPU.ActiveCfg = Release|Any CPU
		{178269e4-cb7e-445f-bf9f-9df0a2e64c9b}.Release|Any CPU.Build.0 = Release|Any CPU
		{da2b9698-71ce-4371-99f8-667f8b5d3026}.Debug|Any CPU.ActiveCfg = Debug|Any CPU
		{da2b9698-71ce-4371-99f8-667f8b5d3026}.Debug|Any CPU.Build.0 = Debug|Any CPU
		{da2b9698-71ce-4371-99f8-667f8b5d3026}.Release|Any CPU.ActiveCfg = Release|Any CPU
		{da2b9698-71ce-4371-99f8-667f8b5d3026}.Release|Any CPU.Build.0 = Release|Any CPU
		{f086b24d-75b6-439e-9405-33e039c4f430}.Debug|Any CPU.ActiveCfg = Debug|Any CPU
		{f086b24d-75b6-439e-9405-33e039c4f430}.Debug|Any CPU.Build.0 = Debug|Any CPU
		{f086b24d-75b6-439e-9405-33e039c4f430}.Release|Any CPU.ActiveCfg = Release|Any CPU
		{f086b24d-75b6-439e-9405-33e039c4f430}.Release|Any CPU.Build.0 = Release|Any CPU
		{755d7856-bfca-41b2-960a-b054d9fc068e}.Debug|Any CPU.ActiveCfg = Debug|Any CPU
		{755d7856-bfca-41b2-960a-b054d9fc068e}.Debug|Any CPU.Build.0 = Debug|Any CPU
		{755d7856-bfca-41b2-960a-b054d9fc068e}.Release|Any CPU.ActiveCfg = Release|Any CPU
		{755d7856-bfca-41b2-960a-b054d9fc068e}.Release|Any CPU.Build.0 = Release|Any CPU
		{6647a992-aa48-4563-9659-a80a0a774615}.Debug|Any CPU.ActiveCfg = Debug|Any CPU
		{6647a992-aa48-4563-9659-a80a0a774615}.Debug|Any CPU.Build.0 = Debug|Any CPU
		{6647a992-aa48-4563-9659-a80a0a774615}.Release|Any CPU.ActiveCfg = Release|Any CPU
		{6647a992-aa48-4563-9659-a80a0a774615}.Release|Any CPU.Build.0 = Release|Any CPU
		{75b0101b-6a15-46cd-9ec8-91138c992f46}.Debug|Any CPU.ActiveCfg = Debug|Any CPU
		{75b0101b-6a15-46cd-9ec8-91138c992f46}.Debug|Any CPU.Build.0 = Debug|Any CPU
		{75b0101b-6a15-46cd-9ec8-91138c992f46}.Release|Any CPU.ActiveCfg = Release|Any CPU
		{75b0101b-6a15-46cd-9ec8-91138c992f46}.Release|Any CPU.Build.0 = Release|Any CPU
		{455ae9d1-4af3-4ca8-b040-4bd6bb49d7bd}.Debug|Any CPU.ActiveCfg = Debug|Any CPU
		{455ae9d1-4af3-4ca8-b040-4bd6bb49d7bd}.Debug|Any CPU.Build.0 = Debug|Any CPU
		{455ae9d1-4af3-4ca8-b040-4bd6bb49d7bd}.Release|Any CPU.ActiveCfg = Release|Any CPU
		{455ae9d1-4af3-4ca8-b040-4bd6bb49d7bd}.Release|Any CPU.Build.0 = Release|Any CPU
		{06d5ca5d-6b29-4c07-a332-a24febaefe8d}.Debug|Any CPU.ActiveCfg = Debug|Any CPU
		{06d5ca5d-6b29-4c07-a332-a24febaefe8d}.Debug|Any CPU.Build.0 = Debug|Any CPU
		{06d5ca5d-6b29-4c07-a332-a24febaefe8d}.Release|Any CPU.ActiveCfg = Release|Any CPU
		{06d5ca5d-6b29-4c07-a332-a24febaefe8d}.Release|Any CPU.Build.0 = Release|Any CPU
		{a03b70d9-d221-458c-9dc5-37ada7ee964e}.Debug|Any CPU.ActiveCfg = Debug|Any CPU
		{a03b70d9-d221-458c-9dc5-37ada7ee964e}.Debug|Any CPU.Build.0 = Debug|Any CPU
		{a03b70d9-d221-458c-9dc5-37ada7ee964e}.Release|Any CPU.ActiveCfg = Release|Any CPU
		{a03b70d9-d221-458c-9dc5-37ada7ee964e}.Release|Any CPU.Build.0 = Release|Any CPU
		{f4f63024-fca4-47b0-9988-5b0c16ba5d89}.Debug|Any CPU.ActiveCfg = Debug|Any CPU
		{f4f63024-fca4-47b0-9988-5b0c16ba5d89}.Debug|Any CPU.Build.0 = Debug|Any CPU
		{f4f63024-fca4-47b0-9988-5b0c16ba5d89}.Release|Any CPU.ActiveCfg = Release|Any CPU
		{f4f63024-fca4-47b0-9988-5b0c16ba5d89}.Release|Any CPU.Build.0 = Release|Any CPU
		{47d81721-a1fb-4648-9d39-852f27e23bf5}.Debug|Any CPU.ActiveCfg = Debug|Any CPU
		{47d81721-a1fb-4648-9d39-852f27e23bf5}.Debug|Any CPU.Build.0 = Debug|Any CPU
		{47d81721-a1fb-4648-9d39-852f27e23bf5}.Release|Any CPU.ActiveCfg = Release|Any CPU
		{47d81721-a1fb-4648-9d39-852f27e23bf5}.Release|Any CPU.Build.0 = Release|Any CPU
		{df43e89f-a8bd-4008-83c7-a7bae105c0ae}.Debug|Any CPU.ActiveCfg = Debug|Any CPU
		{df43e89f-a8bd-4008-83c7-a7bae105c0ae}.Debug|Any CPU.Build.0 = Debug|Any CPU
		{df43e89f-a8bd-4008-83c7-a7bae105c0ae}.Release|Any CPU.ActiveCfg = Release|Any CPU
		{df43e89f-a8bd-4008-83c7-a7bae105c0ae}.Release|Any CPU.Build.0 = Release|Any CPU
		{0cf0dc36-a892-4776-968e-0f360f234103}.Debug|Any CPU.ActiveCfg = Debug|Any CPU
		{0cf0dc36-a892-4776-968e-0f360f234103}.Debug|Any CPU.Build.0 = Debug|Any CPU
		{0cf0dc36-a892-4776-968e-0f360f234103}.Release|Any CPU.ActiveCfg = Release|Any CPU
		{0cf0dc36-a892-4776-968e-0f360f234103}.Release|Any CPU.Build.0 = Release|Any CPU
		{04ca6d3d-8fc2-449c-90d6-f10c0bd3aa5e}.Debug|Any CPU.ActiveCfg = Debug|Any CPU
		{04ca6d3d-8fc2-449c-90d6-f10c0bd3aa5e}.Debug|Any CPU.Build.0 = Debug|Any CPU
		{04ca6d3d-8fc2-449c-90d6-f10c0bd3aa5e}.Release|Any CPU.ActiveCfg = Release|Any CPU
		{04ca6d3d-8fc2-449c-90d6-f10c0bd3aa5e}.Release|Any CPU.Build.0 = Release|Any CPU
		{2d23b308-d5bc-4264-a720-c2323ea8a989}.Debug|Any CPU.ActiveCfg = Debug|Any CPU
		{2d23b308-d5bc-4264-a720-c2323ea8a989}.Debug|Any CPU.Build.0 = Debug|Any CPU
		{2d23b308-d5bc-4264-a720-c2323ea8a989}.Release|Any CPU.ActiveCfg = Release|Any CPU
		{2d23b308-d5bc-4264-a720-c2323ea8a989}.Release|Any CPU.Build.0 = Release|Any CPU
		{8bb9a343-b81f-438d-8e94-9f65e332fb02}.Debug|Any CPU.ActiveCfg = Debug|Any CPU
		{8bb9a343-b81f-438d-8e94-9f65e332fb02}.Debug|Any CPU.Build.0 = Debug|Any CPU
		{8bb9a343-b81f-438d-8e94-9f65e332fb02}.Release|Any CPU.ActiveCfg = Release|Any CPU
		{8bb9a343-b81f-438d-8e94-9f65e332fb02}.Release|Any CPU.Build.0 = Release|Any CPU
		{3e26a611-4182-4095-a08f-d203891afdaa}.Debug|Any CPU.ActiveCfg = Debug|Any CPU
		{3e26a611-4182-4095-a08f-d203891afdaa}.Debug|Any CPU.Build.0 = Debug|Any CPU
		{3e26a611-4182-4095-a08f-d203891afdaa}.Release|Any CPU.ActiveCfg = Release|Any CPU
		{3e26a611-4182-4095-a08f-d203891afdaa}.Release|Any CPU.Build.0 = Release|Any CPU
		{36cf9e85-93c4-4c06-931a-f9e5ccd6fd78}.Debug|Any CPU.ActiveCfg = Debug|Any CPU
		{36cf9e85-93c4-4c06-931a-f9e5ccd6fd78}.Debug|Any CPU.Build.0 = Debug|Any CPU
		{36cf9e85-93c4-4c06-931a-f9e5ccd6fd78}.Release|Any CPU.ActiveCfg = Release|Any CPU
		{36cf9e85-93c4-4c06-931a-f9e5ccd6fd78}.Release|Any CPU.Build.0 = Release|Any CPU
		{c84e2068-d206-420c-be33-744674ec3549}.Debug|Any CPU.ActiveCfg = Debug|Any CPU
		{c84e2068-d206-420c-be33-744674ec3549}.Debug|Any CPU.Build.0 = Debug|Any CPU
		{c84e2068-d206-420c-be33-744674ec3549}.Release|Any CPU.ActiveCfg = Release|Any CPU
		{c84e2068-d206-420c-be33-744674ec3549}.Release|Any CPU.Build.0 = Release|Any CPU
		{c35c023f-512b-4659-92ab-2a7c537676a2}.Debug|Any CPU.ActiveCfg = Debug|Any CPU
		{c35c023f-512b-4659-92ab-2a7c537676a2}.Debug|Any CPU.Build.0 = Debug|Any CPU
		{c35c023f-512b-4659-92ab-2a7c537676a2}.Release|Any CPU.ActiveCfg = Release|Any CPU
		{c35c023f-512b-4659-92ab-2a7c537676a2}.Release|Any CPU.Build.0 = Release|Any CPU
		{daf6170c-45d3-4b87-8bbd-a65685b6eafb}.Debug|Any CPU.ActiveCfg = Debug|Any CPU
		{daf6170c-45d3-4b87-8bbd-a65685b6eafb}.Debug|Any CPU.Build.0 = Debug|Any CPU
		{daf6170c-45d3-4b87-8bbd-a65685b6eafb}.Release|Any CPU.ActiveCfg = Release|Any CPU
		{daf6170c-45d3-4b87-8bbd-a65685b6eafb}.Release|Any CPU.Build.0 = Release|Any CPU
		{24f5213d-044b-44cc-99d2-0b3685aede0b}.Debug|Any CPU.ActiveCfg = Debug|Any CPU
		{24f5213d-044b-44cc-99d2-0b3685aede0b}.Debug|Any CPU.Build.0 = Debug|Any CPU
		{24f5213d-044b-44cc-99d2-0b3685aede0b}.Release|Any CPU.ActiveCfg = Release|Any CPU
		{24f5213d-044b-44cc-99d2-0b3685aede0b}.Release|Any CPU.Build.0 = Release|Any CPU
		{1b90b2d3-f300-4bec-803c-94a548b03696}.Debug|Any CPU.ActiveCfg = Debug|Any CPU
		{1b90b2d3-f300-4bec-803c-94a548b03696}.Debug|Any CPU.Build.0 = Debug|Any CPU
		{1b90b2d3-f300-4bec-803c-94a548b03696}.Release|Any CPU.ActiveCfg = Release|Any CPU
		{1b90b2d3-f300-4bec-803c-94a548b03696}.Release|Any CPU.Build.0 = Release|Any CPU
		{46d91e84-2a11-4eef-9ba5-e2cc91d58218}.Debug|Any CPU.ActiveCfg = Debug|Any CPU
		{46d91e84-2a11-4eef-9ba5-e2cc91d58218}.Debug|Any CPU.Build.0 = Debug|Any CPU
		{46d91e84-2a11-4eef-9ba5-e2cc91d58218}.Release|Any CPU.ActiveCfg = Release|Any CPU
		{46d91e84-2a11-4eef-9ba5-e2cc91d58218}.Release|Any CPU.Build.0 = Release|Any CPU
		{6ccab032-20db-45be-a0d9-afb6afc84389}.Debug|Any CPU.ActiveCfg = Debug|Any CPU
		{6ccab032-20db-45be-a0d9-afb6afc84389}.Debug|Any CPU.Build.0 = Debug|Any CPU
		{6ccab032-20db-45be-a0d9-afb6afc84389}.Release|Any CPU.ActiveCfg = Release|Any CPU
		{6ccab032-20db-45be-a0d9-afb6afc84389}.Release|Any CPU.Build.0 = Release|Any CPU
		{a90c3043-e4b9-4aa6-b53a-8514ac0476e7}.Debug|Any CPU.ActiveCfg = Debug|Any CPU
		{a90c3043-e4b9-4aa6-b53a-8514ac0476e7}.Debug|Any CPU.Build.0 = Debug|Any CPU
		{a90c3043-e4b9-4aa6-b53a-8514ac0476e7}.Release|Any CPU.ActiveCfg = Release|Any CPU
		{a90c3043-e4b9-4aa6-b53a-8514ac0476e7}.Release|Any CPU.Build.0 = Release|Any CPU
		{c9f719aa-1e41-4c9d-816e-c0104d4387a5}.Debug|Any CPU.ActiveCfg = Debug|Any CPU
		{c9f719aa-1e41-4c9d-816e-c0104d4387a5}.Debug|Any CPU.Build.0 = Debug|Any CPU
		{c9f719aa-1e41-4c9d-816e-c0104d4387a5}.Release|Any CPU.ActiveCfg = Release|Any CPU
		{c9f719aa-1e41-4c9d-816e-c0104d4387a5}.Release|Any CPU.Build.0 = Release|Any CPU
		{c53486da-d663-4f77-acfa-ea8330646c5a}.Debug|Any CPU.ActiveCfg = Debug|Any CPU
		{c53486da-d663-4f77-acfa-ea8330646c5a}.Debug|Any CPU.Build.0 = Debug|Any CPU
		{c53486da-d663-4f77-acfa-ea8330646c5a}.Release|Any CPU.ActiveCfg = Release|Any CPU
		{c53486da-d663-4f77-acfa-ea8330646c5a}.Release|Any CPU.Build.0 = Release|Any CPU
		{ad8ade54-7969-4eed-ad53-61f05b80c2d8}.Debug|Any CPU.ActiveCfg = Debug|Any CPU
		{ad8ade54-7969-4eed-ad53-61f05b80c2d8}.Debug|Any CPU.Build.0 = Debug|Any CPU
		{ad8ade54-7969-4eed-ad53-61f05b80c2d8}.Release|Any CPU.ActiveCfg = Release|Any CPU
		{ad8ade54-7969-4eed-ad53-61f05b80c2d8}.Release|Any CPU.Build.0 = Release|Any CPU
		{619c8838-c35d-4b49-9c95-1d13717a8d64}.Debug|Any CPU.ActiveCfg = Debug|Any CPU
		{619c8838-c35d-4b49-9c95-1d13717a8d64}.Debug|Any CPU.Build.0 = Debug|Any CPU
		{619c8838-c35d-4b49-9c95-1d13717a8d64}.Release|Any CPU.ActiveCfg = Release|Any CPU
		{619c8838-c35d-4b49-9c95-1d13717a8d64}.Release|Any CPU.Build.0 = Release|Any CPU
		{ddbfea44-d514-4380-a094-c63ca3769906}.Debug|Any CPU.ActiveCfg = Debug|Any CPU
		{ddbfea44-d514-4380-a094-c63ca3769906}.Debug|Any CPU.Build.0 = Debug|Any CPU
		{ddbfea44-d514-4380-a094-c63ca3769906}.Release|Any CPU.ActiveCfg = Release|Any CPU
		{ddbfea44-d514-4380-a094-c63ca3769906}.Release|Any CPU.Build.0 = Release|Any CPU
		{c9f29249-3183-432c-9e25-0de3c904e6d3}.Debug|Any CPU.ActiveCfg = Debug|Any CPU
		{c9f29249-3183-432c-9e25-0de3c904e6d3}.Debug|Any CPU.Build.0 = Debug|Any CPU
		{c9f29249-3183-432c-9e25-0de3c904e6d3}.Release|Any CPU.ActiveCfg = Release|Any CPU
		{c9f29249-3183-432c-9e25-0de3c904e6d3}.Release|Any CPU.Build.0 = Release|Any CPU
		{bd66f210-f297-4924-84a6-56dc6b28224b}.Debug|Any CPU.ActiveCfg = Debug|Any CPU
		{bd66f210-f297-4924-84a6-56dc6b28224b}.Debug|Any CPU.Build.0 = Debug|Any CPU
		{bd66f210-f297-4924-84a6-56dc6b28224b}.Release|Any CPU.ActiveCfg = Release|Any CPU
		{bd66f210-f297-4924-84a6-56dc6b28224b}.Release|Any CPU.Build.0 = Release|Any CPU
		{a14ef535-ff72-47c5-9ec6-55ad8a314fd6}.Debug|Any CPU.ActiveCfg = Debug|Any CPU
		{a14ef535-ff72-47c5-9ec6-55ad8a314fd6}.Debug|Any CPU.Build.0 = Debug|Any CPU
		{a14ef535-ff72-47c5-9ec6-55ad8a314fd6}.Release|Any CPU.ActiveCfg = Release|Any CPU
		{a14ef535-ff72-47c5-9ec6-55ad8a314fd6}.Release|Any CPU.Build.0 = Release|Any CPU
		{806f5d75-a223-4bcf-a902-ff3e4e09f822}.Debug|Any CPU.ActiveCfg = Debug|Any CPU
		{806f5d75-a223-4bcf-a902-ff3e4e09f822}.Debug|Any CPU.Build.0 = Debug|Any CPU
		{806f5d75-a223-4bcf-a902-ff3e4e09f822}.Release|Any CPU.ActiveCfg = Release|Any CPU
		{806f5d75-a223-4bcf-a902-ff3e4e09f822}.Release|Any CPU.Build.0 = Release|Any CPU
		{f8deaa52-7cf1-4689-98dd-54ed14b9d564}.Debug|Any CPU.ActiveCfg = Debug|Any CPU
		{f8deaa52-7cf1-4689-98dd-54ed14b9d564}.Debug|Any CPU.Build.0 = Debug|Any CPU
		{f8deaa52-7cf1-4689-98dd-54ed14b9d564}.Release|Any CPU.ActiveCfg = Release|Any CPU
		{f8deaa52-7cf1-4689-98dd-54ed14b9d564}.Release|Any CPU.Build.0 = Release|Any CPU
		{5852e7fb-4a54-4c11-bf82-f146de9a5e48}.Debug|Any CPU.ActiveCfg = Debug|Any CPU
		{5852e7fb-4a54-4c11-bf82-f146de9a5e48}.Debug|Any CPU.Build.0 = Debug|Any CPU
		{5852e7fb-4a54-4c11-bf82-f146de9a5e48}.Release|Any CPU.ActiveCfg = Release|Any CPU
		{5852e7fb-4a54-4c11-bf82-f146de9a5e48}.Release|Any CPU.Build.0 = Release|Any CPU
		{8ab48d82-de1d-4c0c-b945-fc28990b82b7}.Debug|Any CPU.ActiveCfg = Debug|Any CPU
		{8ab48d82-de1d-4c0c-b945-fc28990b82b7}.Debug|Any CPU.Build.0 = Debug|Any CPU
		{8ab48d82-de1d-4c0c-b945-fc28990b82b7}.Release|Any CPU.ActiveCfg = Release|Any CPU
		{8ab48d82-de1d-4c0c-b945-fc28990b82b7}.Release|Any CPU.Build.0 = Release|Any CPU
		{544f70d8-3d17-41e6-9e26-d8a119d023e1}.Debug|Any CPU.ActiveCfg = Debug|Any CPU
		{544f70d8-3d17-41e6-9e26-d8a119d023e1}.Debug|Any CPU.Build.0 = Debug|Any CPU
		{544f70d8-3d17-41e6-9e26-d8a119d023e1}.Release|Any CPU.ActiveCfg = Release|Any CPU
		{544f70d8-3d17-41e6-9e26-d8a119d023e1}.Release|Any CPU.Build.0 = Release|Any CPU
		{16c9c975-9aab-4fa5-b5c8-3b0432708f97}.Debug|Any CPU.ActiveCfg = Debug|Any CPU
		{16c9c975-9aab-4fa5-b5c8-3b0432708f97}.Debug|Any CPU.Build.0 = Debug|Any CPU
		{16c9c975-9aab-4fa5-b5c8-3b0432708f97}.Release|Any CPU.ActiveCfg = Release|Any CPU
		{16c9c975-9aab-4fa5-b5c8-3b0432708f97}.Release|Any CPU.Build.0 = Release|Any CPU
		{994008d6-c7a2-45b2-9cb5-53c99a680638}.Debug|Any CPU.ActiveCfg = Debug|Any CPU
		{994008d6-c7a2-45b2-9cb5-53c99a680638}.Debug|Any CPU.Build.0 = Debug|Any CPU
		{994008d6-c7a2-45b2-9cb5-53c99a680638}.Release|Any CPU.ActiveCfg = Release|Any CPU
		{994008d6-c7a2-45b2-9cb5-53c99a680638}.Release|Any CPU.Build.0 = Release|Any CPU
		{2baa8a41-c8b4-4e2c-bdb0-d252a506b4a0}.Debug|Any CPU.ActiveCfg = Debug|Any CPU
		{2baa8a41-c8b4-4e2c-bdb0-d252a506b4a0}.Debug|Any CPU.Build.0 = Debug|Any CPU
		{2baa8a41-c8b4-4e2c-bdb0-d252a506b4a0}.Release|Any CPU.ActiveCfg = Release|Any CPU
		{2baa8a41-c8b4-4e2c-bdb0-d252a506b4a0}.Release|Any CPU.Build.0 = Release|Any CPU
		{a268a845-29c4-43c3-b060-d7bbca057b64}.Debug|Any CPU.ActiveCfg = Debug|Any CPU
		{a268a845-29c4-43c3-b060-d7bbca057b64}.Debug|Any CPU.Build.0 = Debug|Any CPU
		{a268a845-29c4-43c3-b060-d7bbca057b64}.Release|Any CPU.ActiveCfg = Release|Any CPU
		{a268a845-29c4-43c3-b060-d7bbca057b64}.Release|Any CPU.Build.0 = Release|Any CPU
		{8026f7e7-d07b-45d7-9082-3c0eab95389b}.Debug|Any CPU.ActiveCfg = Debug|Any CPU
		{8026f7e7-d07b-45d7-9082-3c0eab95389b}.Debug|Any CPU.Build.0 = Debug|Any CPU
		{8026f7e7-d07b-45d7-9082-3c0eab95389b}.Release|Any CPU.ActiveCfg = Release|Any CPU
		{8026f7e7-d07b-45d7-9082-3c0eab95389b}.Release|Any CPU.Build.0 = Release|Any CPU
		{d8cce28a-d08e-45c2-bad6-103188d5586c}.Debug|Any CPU.ActiveCfg = Debug|Any CPU
		{d8cce28a-d08e-45c2-bad6-103188d5586c}.Debug|Any CPU.Build.0 = Debug|Any CPU
		{d8cce28a-d08e-45c2-bad6-103188d5586c}.Release|Any CPU.ActiveCfg = Release|Any CPU
		{d8cce28a-d08e-45c2-bad6-103188d5586c}.Release|Any CPU.Build.0 = Release|Any CPU
		{96694110-a544-4548-ba87-48a6efd95be2}.Debug|Any CPU.ActiveCfg = Debug|Any CPU
		{96694110-a544-4548-ba87-48a6efd95be2}.Debug|Any CPU.Build.0 = Debug|Any CPU
		{96694110-a544-4548-ba87-48a6efd95be2}.Release|Any CPU.ActiveCfg = Release|Any CPU
		{96694110-a544-4548-ba87-48a6efd95be2}.Release|Any CPU.Build.0 = Release|Any CPU
		{91e3022e-a436-4252-9809-dd9f8a44a28c}.Debug|Any CPU.ActiveCfg = Debug|Any CPU
		{91e3022e-a436-4252-9809-dd9f8a44a28c}.Debug|Any CPU.Build.0 = Debug|Any CPU
		{91e3022e-a436-4252-9809-dd9f8a44a28c}.Release|Any CPU.ActiveCfg = Release|Any CPU
		{91e3022e-a436-4252-9809-dd9f8a44a28c}.Release|Any CPU.Build.0 = Release|Any CPU
		{554AD327-6DBA-4F8F-96F8-81CE7A0C863F}.Debug|Any CPU.ActiveCfg = Debug|Any CPU
		{554AD327-6DBA-4F8F-96F8-81CE7A0C863F}.Debug|Any CPU.Build.0 = Debug|Any CPU
		{554AD327-6DBA-4F8F-96F8-81CE7A0C863F}.Release|Any CPU.ActiveCfg = Release|Any CPU
		{554AD327-6DBA-4F8F-96F8-81CE7A0C863F}.Release|Any CPU.Build.0 = Release|Any CPU
		{A2B63445-7F08-477C-999F-7FE73BD2546D}.Debug|Any CPU.ActiveCfg = Debug|Any CPU
		{A2B63445-7F08-477C-999F-7FE73BD2546D}.Debug|Any CPU.Build.0 = Debug|Any CPU
		{A2B63445-7F08-477C-999F-7FE73BD2546D}.Release|Any CPU.ActiveCfg = Release|Any CPU
		{A2B63445-7F08-477C-999F-7FE73BD2546D}.Release|Any CPU.Build.0 = Release|Any CPU
		{CA6F027C-3DC7-4F4C-BDFD-2628730F7539}.Debug|Any CPU.ActiveCfg = Debug|Any CPU
		{CA6F027C-3DC7-4F4C-BDFD-2628730F7539}.Debug|Any CPU.Build.0 = Debug|Any CPU
		{CA6F027C-3DC7-4F4C-BDFD-2628730F7539}.Release|Any CPU.ActiveCfg = Release|Any CPU
		{CA6F027C-3DC7-4F4C-BDFD-2628730F7539}.Release|Any CPU.Build.0 = Release|Any CPU
		{0E746053-C282-40A8-8EF7-67376E8D3B8D}.Debug|Any CPU.ActiveCfg = Debug|Any CPU
		{0E746053-C282-40A8-8EF7-67376E8D3B8D}.Debug|Any CPU.Build.0 = Debug|Any CPU
		{0E746053-C282-40A8-8EF7-67376E8D3B8D}.Release|Any CPU.ActiveCfg = Release|Any CPU
		{0E746053-C282-40A8-8EF7-67376E8D3B8D}.Release|Any CPU.Build.0 = Release|Any CPU
		{7C609310-ED32-4171-8E0B-4943EFD84FF2}.Debug|Any CPU.ActiveCfg = Debug|Any CPU
		{7C609310-ED32-4171-8E0B-4943EFD84FF2}.Debug|Any CPU.Build.0 = Debug|Any CPU
		{7C609310-ED32-4171-8E0B-4943EFD84FF2}.Release|Any CPU.ActiveCfg = Release|Any CPU
		{7C609310-ED32-4171-8E0B-4943EFD84FF2}.Release|Any CPU.Build.0 = Release|Any CPU
		{57A656ED-2FDF-467E-929B-6E55B219B4F0}.Debug|Any CPU.ActiveCfg = Debug|Any CPU
		{57A656ED-2FDF-467E-929B-6E55B219B4F0}.Debug|Any CPU.Build.0 = Debug|Any CPU
		{57A656ED-2FDF-467E-929B-6E55B219B4F0}.Release|Any CPU.ActiveCfg = Release|Any CPU
		{57A656ED-2FDF-467E-929B-6E55B219B4F0}.Release|Any CPU.Build.0 = Release|Any CPU
		{7D52D46C-61E6-40DD-9BE5-F5FDA4C2D081}.Debug|Any CPU.ActiveCfg = Debug|Any CPU
		{7D52D46C-61E6-40DD-9BE5-F5FDA4C2D081}.Debug|Any CPU.Build.0 = Debug|Any CPU
		{7D52D46C-61E6-40DD-9BE5-F5FDA4C2D081}.Release|Any CPU.ActiveCfg = Release|Any CPU
		{7D52D46C-61E6-40DD-9BE5-F5FDA4C2D081}.Release|Any CPU.Build.0 = Release|Any CPU
		{1DC2E238-4C21-4BFD-B5FD-28BE8B48E1D6}.Debug|Any CPU.ActiveCfg = Debug|Any CPU
		{1DC2E238-4C21-4BFD-B5FD-28BE8B48E1D6}.Debug|Any CPU.Build.0 = Debug|Any CPU
		{1DC2E238-4C21-4BFD-B5FD-28BE8B48E1D6}.Release|Any CPU.ActiveCfg = Release|Any CPU
		{1DC2E238-4C21-4BFD-B5FD-28BE8B48E1D6}.Release|Any CPU.Build.0 = Release|Any CPU
		{8F48F6E0-E295-459D-805C-8D04117F4F3F}.Debug|Any CPU.ActiveCfg = Debug|Any CPU
		{8F48F6E0-E295-459D-805C-8D04117F4F3F}.Debug|Any CPU.Build.0 = Debug|Any CPU
		{8F48F6E0-E295-459D-805C-8D04117F4F3F}.Release|Any CPU.ActiveCfg = Release|Any CPU
		{8F48F6E0-E295-459D-805C-8D04117F4F3F}.Release|Any CPU.Build.0 = Release|Any CPU
		{183116FE-E0A2-47A8-8E8B-97BE37777A8E}.Debug|Any CPU.ActiveCfg = Debug|Any CPU
		{183116FE-E0A2-47A8-8E8B-97BE37777A8E}.Debug|Any CPU.Build.0 = Debug|Any CPU
		{183116FE-E0A2-47A8-8E8B-97BE37777A8E}.Release|Any CPU.ActiveCfg = Release|Any CPU
		{183116FE-E0A2-47A8-8E8B-97BE37777A8E}.Release|Any CPU.Build.0 = Release|Any CPU
		{2CA956F4-ED4C-44F9-9B82-6CE74A2C477D}.Debug|Any CPU.ActiveCfg = Debug|Any CPU
		{2CA956F4-ED4C-44F9-9B82-6CE74A2C477D}.Debug|Any CPU.Build.0 = Debug|Any CPU
		{2CA956F4-ED4C-44F9-9B82-6CE74A2C477D}.Release|Any CPU.ActiveCfg = Release|Any CPU
		{2CA956F4-ED4C-44F9-9B82-6CE74A2C477D}.Release|Any CPU.Build.0 = Release|Any CPU
		{CD0A995A-148B-4A50-8720-A2C66205CAA5}.Debug|Any CPU.ActiveCfg = Debug|Any CPU
		{CD0A995A-148B-4A50-8720-A2C66205CAA5}.Debug|Any CPU.Build.0 = Debug|Any CPU
		{CD0A995A-148B-4A50-8720-A2C66205CAA5}.Release|Any CPU.ActiveCfg = Release|Any CPU
		{CD0A995A-148B-4A50-8720-A2C66205CAA5}.Release|Any CPU.Build.0 = Release|Any CPU
		{B349764E-ED03-49CA-BA08-EDDCA6287B49}.Debug|Any CPU.ActiveCfg = Debug|Any CPU
		{B349764E-ED03-49CA-BA08-EDDCA6287B49}.Debug|Any CPU.Build.0 = Debug|Any CPU
		{B349764E-ED03-49CA-BA08-EDDCA6287B49}.Release|Any CPU.ActiveCfg = Release|Any CPU
		{B349764E-ED03-49CA-BA08-EDDCA6287B49}.Release|Any CPU.Build.0 = Release|Any CPU
		{CDD05C13-7B16-4B3E-9AAE-DE9F04C8F66D}.Debug|Any CPU.ActiveCfg = Debug|Any CPU
		{CDD05C13-7B16-4B3E-9AAE-DE9F04C8F66D}.Debug|Any CPU.Build.0 = Debug|Any CPU
		{CDD05C13-7B16-4B3E-9AAE-DE9F04C8F66D}.Release|Any CPU.ActiveCfg = Release|Any CPU
		{CDD05C13-7B16-4B3E-9AAE-DE9F04C8F66D}.Release|Any CPU.Build.0 = Release|Any CPU
		{8C972E3C-E0D6-41CA-A982-F8C8BBD7097C}.Debug|Any CPU.ActiveCfg = Debug|Any CPU
		{8C972E3C-E0D6-41CA-A982-F8C8BBD7097C}.Debug|Any CPU.Build.0 = Debug|Any CPU
		{8C972E3C-E0D6-41CA-A982-F8C8BBD7097C}.Release|Any CPU.ActiveCfg = Release|Any CPU
		{8C972E3C-E0D6-41CA-A982-F8C8BBD7097C}.Release|Any CPU.Build.0 = Release|Any CPU
		{0B7885A5-30F8-4395-A4FD-3E6CAA3EF3B7}.Debug|Any CPU.ActiveCfg = Debug|Any CPU
		{0B7885A5-30F8-4395-A4FD-3E6CAA3EF3B7}.Debug|Any CPU.Build.0 = Debug|Any CPU
		{0B7885A5-30F8-4395-A4FD-3E6CAA3EF3B7}.Release|Any CPU.ActiveCfg = Release|Any CPU
		{0B7885A5-30F8-4395-A4FD-3E6CAA3EF3B7}.Release|Any CPU.Build.0 = Release|Any CPU
		{54563DC8-6FD9-4678-A500-6E89E6A053BC}.Debug|Any CPU.ActiveCfg = Debug|Any CPU
		{54563DC8-6FD9-4678-A500-6E89E6A053BC}.Debug|Any CPU.Build.0 = Debug|Any CPU
		{54563DC8-6FD9-4678-A500-6E89E6A053BC}.Release|Any CPU.ActiveCfg = Release|Any CPU
		{54563DC8-6FD9-4678-A500-6E89E6A053BC}.Release|Any CPU.Build.0 = Release|Any CPU
		{38C49DDA-5D3E-409F-AD82-1F201C8B3817}.Debug|Any CPU.ActiveCfg = Debug|Any CPU
		{38C49DDA-5D3E-409F-AD82-1F201C8B3817}.Debug|Any CPU.Build.0 = Debug|Any CPU
		{38C49DDA-5D3E-409F-AD82-1F201C8B3817}.Release|Any CPU.ActiveCfg = Release|Any CPU
		{38C49DDA-5D3E-409F-AD82-1F201C8B3817}.Release|Any CPU.Build.0 = Release|Any CPU
		{9EF6CE22-F079-4824-AA89-3641C680AD26}.Debug|Any CPU.ActiveCfg = Debug|Any CPU
		{9EF6CE22-F079-4824-AA89-3641C680AD26}.Debug|Any CPU.Build.0 = Debug|Any CPU
		{9EF6CE22-F079-4824-AA89-3641C680AD26}.Release|Any CPU.ActiveCfg = Release|Any CPU
		{9EF6CE22-F079-4824-AA89-3641C680AD26}.Release|Any CPU.Build.0 = Release|Any CPU
		{2D98A471-0B48-4032-A3EF-A92377A8967C}.Debug|Any CPU.ActiveCfg = Debug|Any CPU
		{2D98A471-0B48-4032-A3EF-A92377A8967C}.Debug|Any CPU.Build.0 = Debug|Any CPU
		{2D98A471-0B48-4032-A3EF-A92377A8967C}.Release|Any CPU.ActiveCfg = Release|Any CPU
		{2D98A471-0B48-4032-A3EF-A92377A8967C}.Release|Any CPU.Build.0 = Release|Any CPU
		{003D8767-CD93-402C-B022-136C94550B99}.Debug|Any CPU.ActiveCfg = Debug|Any CPU
		{003D8767-CD93-402C-B022-136C94550B99}.Debug|Any CPU.Build.0 = Debug|Any CPU
		{003D8767-CD93-402C-B022-136C94550B99}.Release|Any CPU.ActiveCfg = Release|Any CPU
		{003D8767-CD93-402C-B022-136C94550B99}.Release|Any CPU.Build.0 = Release|Any CPU
		{085F36E4-FE64-43FB-81D2-AF6FCD33681A}.Debug|Any CPU.ActiveCfg = Debug|Any CPU
		{085F36E4-FE64-43FB-81D2-AF6FCD33681A}.Debug|Any CPU.Build.0 = Debug|Any CPU
		{085F36E4-FE64-43FB-81D2-AF6FCD33681A}.Release|Any CPU.ActiveCfg = Release|Any CPU
		{085F36E4-FE64-43FB-81D2-AF6FCD33681A}.Release|Any CPU.Build.0 = Release|Any CPU
		{E4150E03-3BCF-4FE9-89AE-A10A8027FB73}.Debug|Any CPU.ActiveCfg = Debug|Any CPU
		{E4150E03-3BCF-4FE9-89AE-A10A8027FB73}.Debug|Any CPU.Build.0 = Debug|Any CPU
		{E4150E03-3BCF-4FE9-89AE-A10A8027FB73}.Release|Any CPU.ActiveCfg = Release|Any CPU
		{E4150E03-3BCF-4FE9-89AE-A10A8027FB73}.Release|Any CPU.Build.0 = Release|Any CPU
		{14C5366C-CEC3-4EFB-B95E-371AF4EA55D0}.Debug|Any CPU.ActiveCfg = Debug|Any CPU
		{14C5366C-CEC3-4EFB-B95E-371AF4EA55D0}.Debug|Any CPU.Build.0 = Debug|Any CPU
		{14C5366C-CEC3-4EFB-B95E-371AF4EA55D0}.Release|Any CPU.ActiveCfg = Release|Any CPU
		{14C5366C-CEC3-4EFB-B95E-371AF4EA55D0}.Release|Any CPU.Build.0 = Release|Any CPU
		{EBDD2F66-940D-4BA5-958F-EB6A88C1F03D}.Debug|Any CPU.ActiveCfg = Debug|Any CPU
		{EBDD2F66-940D-4BA5-958F-EB6A88C1F03D}.Debug|Any CPU.Build.0 = Debug|Any CPU
		{EBDD2F66-940D-4BA5-958F-EB6A88C1F03D}.Release|Any CPU.ActiveCfg = Release|Any CPU
		{EBDD2F66-940D-4BA5-958F-EB6A88C1F03D}.Release|Any CPU.Build.0 = Release|Any CPU
		{7C0054BD-192A-4BA7-90DE-123228A9D48B}.Debug|Any CPU.ActiveCfg = Debug|Any CPU
		{7C0054BD-192A-4BA7-90DE-123228A9D48B}.Debug|Any CPU.Build.0 = Debug|Any CPU
		{7C0054BD-192A-4BA7-90DE-123228A9D48B}.Release|Any CPU.ActiveCfg = Release|Any CPU
		{7C0054BD-192A-4BA7-90DE-123228A9D48B}.Release|Any CPU.Build.0 = Release|Any CPU
		{EF3E2473-0CB9-4A49-9A6A-DC851536BA15}.Debug|Any CPU.ActiveCfg = Debug|Any CPU
		{EF3E2473-0CB9-4A49-9A6A-DC851536BA15}.Debug|Any CPU.Build.0 = Debug|Any CPU
		{EF3E2473-0CB9-4A49-9A6A-DC851536BA15}.Release|Any CPU.ActiveCfg = Release|Any CPU
		{EF3E2473-0CB9-4A49-9A6A-DC851536BA15}.Release|Any CPU.Build.0 = Release|Any CPU
		{1A94A50E-06DC-43C1-80B5-B662820EC3EB}.Debug|Any CPU.ActiveCfg = Debug|Any CPU
		{1A94A50E-06DC-43C1-80B5-B662820EC3EB}.Debug|Any CPU.Build.0 = Debug|Any CPU
		{1A94A50E-06DC-43C1-80B5-B662820EC3EB}.Release|Any CPU.ActiveCfg = Release|Any CPU
		{1A94A50E-06DC-43C1-80B5-B662820EC3EB}.Release|Any CPU.Build.0 = Release|Any CPU
		{50B2631D-129C-47B3-A587-029CCD6099BC}.Debug|Any CPU.ActiveCfg = Debug|Any CPU
		{50B2631D-129C-47B3-A587-029CCD6099BC}.Debug|Any CPU.Build.0 = Debug|Any CPU
		{50B2631D-129C-47B3-A587-029CCD6099BC}.Release|Any CPU.ActiveCfg = Release|Any CPU
		{50B2631D-129C-47B3-A587-029CCD6099BC}.Release|Any CPU.Build.0 = Release|Any CPU
		{0372FA84-C517-4EB3-9A9F-B9ACAC0CA5E0}.Debug|Any CPU.ActiveCfg = Debug|Any CPU
		{0372FA84-C517-4EB3-9A9F-B9ACAC0CA5E0}.Debug|Any CPU.Build.0 = Debug|Any CPU
		{0372FA84-C517-4EB3-9A9F-B9ACAC0CA5E0}.Release|Any CPU.ActiveCfg = Release|Any CPU
		{0372FA84-C517-4EB3-9A9F-B9ACAC0CA5E0}.Release|Any CPU.Build.0 = Release|Any CPU
		{42F719ED-8413-4895-B5B4-5AB56079BC66}.Debug|Any CPU.ActiveCfg = Debug|Any CPU
		{42F719ED-8413-4895-B5B4-5AB56079BC66}.Debug|Any CPU.Build.0 = Debug|Any CPU
		{42F719ED-8413-4895-B5B4-5AB56079BC66}.Release|Any CPU.ActiveCfg = Release|Any CPU
		{42F719ED-8413-4895-B5B4-5AB56079BC66}.Release|Any CPU.Build.0 = Release|Any CPU
		{520659C8-C734-4298-A3DA-B539DB9DFC0B}.Debug|Any CPU.ActiveCfg = Debug|Any CPU
		{520659C8-C734-4298-A3DA-B539DB9DFC0B}.Debug|Any CPU.Build.0 = Debug|Any CPU
		{520659C8-C734-4298-A3DA-B539DB9DFC0B}.Release|Any CPU.ActiveCfg = Release|Any CPU
		{520659C8-C734-4298-A3DA-B539DB9DFC0B}.Release|Any CPU.Build.0 = Release|Any CPU
		{4164BDF7-F527-4E85-9CE6-E3C2D7426A27}.Debug|Any CPU.ActiveCfg = Debug|Any CPU
		{4164BDF7-F527-4E85-9CE6-E3C2D7426A27}.Debug|Any CPU.Build.0 = Debug|Any CPU
		{4164BDF7-F527-4E85-9CE6-E3C2D7426A27}.Release|Any CPU.ActiveCfg = Release|Any CPU
		{4164BDF7-F527-4E85-9CE6-E3C2D7426A27}.Release|Any CPU.Build.0 = Release|Any CPU
		{3B5A0094-670D-4BB1-BFDD-61B88A8773DC}.Debug|Any CPU.ActiveCfg = Debug|Any CPU
		{3B5A0094-670D-4BB1-BFDD-61B88A8773DC}.Debug|Any CPU.Build.0 = Debug|Any CPU
		{3B5A0094-670D-4BB1-BFDD-61B88A8773DC}.Release|Any CPU.ActiveCfg = Release|Any CPU
		{3B5A0094-670D-4BB1-BFDD-61B88A8773DC}.Release|Any CPU.Build.0 = Release|Any CPU
		{6FE54035-9C11-4702-A5E2-D16F23101468}.Debug|Any CPU.ActiveCfg = Debug|Any CPU
		{6FE54035-9C11-4702-A5E2-D16F23101468}.Debug|Any CPU.Build.0 = Debug|Any CPU
		{6FE54035-9C11-4702-A5E2-D16F23101468}.Release|Any CPU.ActiveCfg = Release|Any CPU
		{6FE54035-9C11-4702-A5E2-D16F23101468}.Release|Any CPU.Build.0 = Release|Any CPU
		{073C361E-B8F4-49F5-93CC-72A3FF49C026}.Debug|Any CPU.ActiveCfg = Debug|Any CPU
		{073C361E-B8F4-49F5-93CC-72A3FF49C026}.Debug|Any CPU.Build.0 = Debug|Any CPU
		{073C361E-B8F4-49F5-93CC-72A3FF49C026}.Release|Any CPU.ActiveCfg = Release|Any CPU
		{073C361E-B8F4-49F5-93CC-72A3FF49C026}.Release|Any CPU.Build.0 = Release|Any CPU
		{E6D5BF0E-DE92-4D82-A352-EF04B37CB11C}.Debug|Any CPU.ActiveCfg = Debug|Any CPU
		{E6D5BF0E-DE92-4D82-A352-EF04B37CB11C}.Debug|Any CPU.Build.0 = Debug|Any CPU
		{E6D5BF0E-DE92-4D82-A352-EF04B37CB11C}.Release|Any CPU.ActiveCfg = Release|Any CPU
		{E6D5BF0E-DE92-4D82-A352-EF04B37CB11C}.Release|Any CPU.Build.0 = Release|Any CPU
		{1FE30EB9-74A9-47F5-A9F6-7B1FAB672D81}.Debug|Any CPU.ActiveCfg = Debug|Any CPU
		{1FE30EB9-74A9-47F5-A9F6-7B1FAB672D81}.Debug|Any CPU.Build.0 = Debug|Any CPU
		{1FE30EB9-74A9-47F5-A9F6-7B1FAB672D81}.Release|Any CPU.ActiveCfg = Release|Any CPU
		{1FE30EB9-74A9-47F5-A9F6-7B1FAB672D81}.Release|Any CPU.Build.0 = Release|Any CPU
		{91853F21-9CD9-4132-BC29-A7D5D84FFFE7}.Debug|Any CPU.ActiveCfg = Debug|Any CPU
		{91853F21-9CD9-4132-BC29-A7D5D84FFFE7}.Debug|Any CPU.Build.0 = Debug|Any CPU
		{91853F21-9CD9-4132-BC29-A7D5D84FFFE7}.Release|Any CPU.ActiveCfg = Release|Any CPU
		{91853F21-9CD9-4132-BC29-A7D5D84FFFE7}.Release|Any CPU.Build.0 = Release|Any CPU
		{E512F4D9-9375-480F-A2F6-A46509F9D824}.Debug|Any CPU.ActiveCfg = Debug|Any CPU
		{E512F4D9-9375-480F-A2F6-A46509F9D824}.Debug|Any CPU.Build.0 = Debug|Any CPU
		{E512F4D9-9375-480F-A2F6-A46509F9D824}.Release|Any CPU.ActiveCfg = Release|Any CPU
		{E512F4D9-9375-480F-A2F6-A46509F9D824}.Release|Any CPU.Build.0 = Release|Any CPU
		{EF480016-9127-4916-8735-D2466BDBC582}.Debug|Any CPU.ActiveCfg = Debug|Any CPU
		{EF480016-9127-4916-8735-D2466BDBC582}.Debug|Any CPU.Build.0 = Debug|Any CPU
		{EF480016-9127-4916-8735-D2466BDBC582}.Release|Any CPU.ActiveCfg = Release|Any CPU
		{EF480016-9127-4916-8735-D2466BDBC582}.Release|Any CPU.Build.0 = Release|Any CPU
		{70680696-BB1E-4383-BCB2-42C3767171FB}.Debug|Any CPU.ActiveCfg = Debug|Any CPU
		{70680696-BB1E-4383-BCB2-42C3767171FB}.Debug|Any CPU.Build.0 = Debug|Any CPU
		{70680696-BB1E-4383-BCB2-42C3767171FB}.Release|Any CPU.ActiveCfg = Release|Any CPU
		{70680696-BB1E-4383-BCB2-42C3767171FB}.Release|Any CPU.Build.0 = Release|Any CPU
	EndGlobalSection
	GlobalSection(SolutionProperties) = preSolution
		HideSolutionNode = FALSE
	EndGlobalSection
	GlobalSection(NestedProjects) = preSolution
		{178269e4-cb7e-445f-bf9f-9df0a2e64c9b} = {50ba77d6-5441-4ffe-842b-b9537d4a3599}
		{da2b9698-71ce-4371-99f8-667f8b5d3026} = {50ba77d6-5441-4ffe-842b-b9537d4a3599}
		{f086b24d-75b6-439e-9405-33e039c4f430} = {50ba77d6-5441-4ffe-842b-b9537d4a3599}
		{755d7856-bfca-41b2-960a-b054d9fc068e} = {50ba77d6-5441-4ffe-842b-b9537d4a3599}
		{6647a992-aa48-4563-9659-a80a0a774615} = {50ba77d6-5441-4ffe-842b-b9537d4a3599}
		{75b0101b-6a15-46cd-9ec8-91138c992f46} = {1b102b19-0f4c-449a-9864-69652f1ed145}
		{455ae9d1-4af3-4ca8-b040-4bd6bb49d7bd} = {1b102b19-0f4c-449a-9864-69652f1ed145}
		{06d5ca5d-6b29-4c07-a332-a24febaefe8d} = {1b102b19-0f4c-449a-9864-69652f1ed145}
		{a03b70d9-d221-458c-9dc5-37ada7ee964e} = {1b102b19-0f4c-449a-9864-69652f1ed145}
		{f4f63024-fca4-47b0-9988-5b0c16ba5d89} = {1b102b19-0f4c-449a-9864-69652f1ed145}
		{47d81721-a1fb-4648-9d39-852f27e23bf5} = {1b102b19-0f4c-449a-9864-69652f1ed145}
		{df43e89f-a8bd-4008-83c7-a7bae105c0ae} = {1b102b19-0f4c-449a-9864-69652f1ed145}
		{0cf0dc36-a892-4776-968e-0f360f234103} = {1b102b19-0f4c-449a-9864-69652f1ed145}
		{50ba77d6-5441-4ffe-842b-b9537d4a3599} = {04DBDB01-70F4-4E06-B468-8F87850B22BE}
		{1b102b19-0f4c-449a-9864-69652f1ed145} = {2093BE0C-0CF5-4965-AD30-F9B629CED09C}
		{04ca6d3d-8fc2-449c-90d6-f10c0bd3aa5e} = {da9eb755-851d-4cb3-beaf-117976cbc34e}
		{2d23b308-d5bc-4264-a720-c2323ea8a989} = {9c00ac5e-772a-4d6f-bc71-1d43cd985a2e}
		{8bb9a343-b81f-438d-8e94-9f65e332fb02} = {9c00ac5e-772a-4d6f-bc71-1d43cd985a2e}
		{3e26a611-4182-4095-a08f-d203891afdaa} = {9c00ac5e-772a-4d6f-bc71-1d43cd985a2e}
		{36cf9e85-93c4-4c06-931a-f9e5ccd6fd78} = {9c00ac5e-772a-4d6f-bc71-1d43cd985a2e}
		{c84e2068-d206-420c-be33-744674ec3549} = {9c00ac5e-772a-4d6f-bc71-1d43cd985a2e}
		{c35c023f-512b-4659-92ab-2a7c537676a2} = {9c00ac5e-772a-4d6f-bc71-1d43cd985a2e}
		{daf6170c-45d3-4b87-8bbd-a65685b6eafb} = {9c00ac5e-772a-4d6f-bc71-1d43cd985a2e}
		{24f5213d-044b-44cc-99d2-0b3685aede0b} = {9c00ac5e-772a-4d6f-bc71-1d43cd985a2e}
		{1b90b2d3-f300-4bec-803c-94a548b03696} = {9c00ac5e-772a-4d6f-bc71-1d43cd985a2e}
		{46d91e84-2a11-4eef-9ba5-e2cc91d58218} = {9c00ac5e-772a-4d6f-bc71-1d43cd985a2e}
		{6ccab032-20db-45be-a0d9-afb6afc84389} = {9c00ac5e-772a-4d6f-bc71-1d43cd985a2e}
		{a90c3043-e4b9-4aa6-b53a-8514ac0476e7} = {9c00ac5e-772a-4d6f-bc71-1d43cd985a2e}
		{c9f719aa-1e41-4c9d-816e-c0104d4387a5} = {9c00ac5e-772a-4d6f-bc71-1d43cd985a2e}
		{c53486da-d663-4f77-acfa-ea8330646c5a} = {9c00ac5e-772a-4d6f-bc71-1d43cd985a2e}
		{ad8ade54-7969-4eed-ad53-61f05b80c2d8} = {9c00ac5e-772a-4d6f-bc71-1d43cd985a2e}
		{619c8838-c35d-4b49-9c95-1d13717a8d64} = {9c00ac5e-772a-4d6f-bc71-1d43cd985a2e}
		{ddbfea44-d514-4380-a094-c63ca3769906} = {9c00ac5e-772a-4d6f-bc71-1d43cd985a2e}
		{c9f29249-3183-432c-9e25-0de3c904e6d3} = {9c00ac5e-772a-4d6f-bc71-1d43cd985a2e}
		{bd66f210-f297-4924-84a6-56dc6b28224b} = {9c00ac5e-772a-4d6f-bc71-1d43cd985a2e}
		{a14ef535-ff72-47c5-9ec6-55ad8a314fd6} = {9c00ac5e-772a-4d6f-bc71-1d43cd985a2e}
		{da9eb755-851d-4cb3-beaf-117976cbc34e} = {04DBDB01-70F4-4E06-B468-8F87850B22BE}
		{9c00ac5e-772a-4d6f-bc71-1d43cd985a2e} = {2093BE0C-0CF5-4965-AD30-F9B629CED09C}
		{806f5d75-a223-4bcf-a902-ff3e4e09f822} = {ee22e96b-8716-4a5a-b851-fcee909967b6}
		{f8deaa52-7cf1-4689-98dd-54ed14b9d564} = {ee22e96b-8716-4a5a-b851-fcee909967b6}
		{5852e7fb-4a54-4c11-bf82-f146de9a5e48} = {ee22e96b-8716-4a5a-b851-fcee909967b6}
		{8ab48d82-de1d-4c0c-b945-fc28990b82b7} = {ee22e96b-8716-4a5a-b851-fcee909967b6}
		{544f70d8-3d17-41e6-9e26-d8a119d023e1} = {2a816990-325b-46d6-82ad-29538511faed}
		{16c9c975-9aab-4fa5-b5c8-3b0432708f97} = {2a816990-325b-46d6-82ad-29538511faed}
		{994008d6-c7a2-45b2-9cb5-53c99a680638} = {2a816990-325b-46d6-82ad-29538511faed}
		{2baa8a41-c8b4-4e2c-bdb0-d252a506b4a0} = {2a816990-325b-46d6-82ad-29538511faed}
		{a268a845-29c4-43c3-b060-d7bbca057b64} = {2a816990-325b-46d6-82ad-29538511faed}
		{8026f7e7-d07b-45d7-9082-3c0eab95389b} = {2a816990-325b-46d6-82ad-29538511faed}
		{d8cce28a-d08e-45c2-bad6-103188d5586c} = {2a816990-325b-46d6-82ad-29538511faed}
		{96694110-a544-4548-ba87-48a6efd95be2} = {2a816990-325b-46d6-82ad-29538511faed}
		{91e3022e-a436-4252-9809-dd9f8a44a28c} = {2a816990-325b-46d6-82ad-29538511faed}
		{ee22e96b-8716-4a5a-b851-fcee909967b6} = {04DBDB01-70F4-4E06-B468-8F87850B22BE}
		{2a816990-325b-46d6-82ad-29538511faed} = {2093BE0C-0CF5-4965-AD30-F9B629CED09C}
		{554AD327-6DBA-4F8F-96F8-81CE7A0C863F} = {CA9AC87F-097E-4F15-8393-4BC07735A5B0}
		{A2B63445-7F08-477C-999F-7FE73BD2546D} = {74A68101-BB81-43DE-BA0F-F1DDF10CC875}
		{CA6F027C-3DC7-4F4C-BDFD-2628730F7539} = {74A68101-BB81-43DE-BA0F-F1DDF10CC875}
		{0E746053-C282-40A8-8EF7-67376E8D3B8D} = {74A68101-BB81-43DE-BA0F-F1DDF10CC875}
		{7C609310-ED32-4171-8E0B-4943EFD84FF2} = {74A68101-BB81-43DE-BA0F-F1DDF10CC875}
		{57A656ED-2FDF-467E-929B-6E55B219B4F0} = {74A68101-BB81-43DE-BA0F-F1DDF10CC875}
		{7D52D46C-61E6-40DD-9BE5-F5FDA4C2D081} = {A3490697-8D7B-4468-985D-B8CD9BB88224}
		{1DC2E238-4C21-4BFD-B5FD-28BE8B48E1D6} = {A3490697-8D7B-4468-985D-B8CD9BB88224}
		{8F48F6E0-E295-459D-805C-8D04117F4F3F} = {A3490697-8D7B-4468-985D-B8CD9BB88224}
		{183116FE-E0A2-47A8-8E8B-97BE37777A8E} = {A3490697-8D7B-4468-985D-B8CD9BB88224}
		{2CA956F4-ED4C-44F9-9B82-6CE74A2C477D} = {A3490697-8D7B-4468-985D-B8CD9BB88224}
		{CD0A995A-148B-4A50-8720-A2C66205CAA5} = {A3490697-8D7B-4468-985D-B8CD9BB88224}
		{B349764E-ED03-49CA-BA08-EDDCA6287B49} = {A3490697-8D7B-4468-985D-B8CD9BB88224}
		{CDD05C13-7B16-4B3E-9AAE-DE9F04C8F66D} = {A3490697-8D7B-4468-985D-B8CD9BB88224}
		{74A68101-BB81-43DE-BA0F-F1DDF10CC875} = {04DBDB01-70F4-4E06-B468-8F87850B22BE}
		{A3490697-8D7B-4468-985D-B8CD9BB88224} = {2093BE0C-0CF5-4965-AD30-F9B629CED09C}
		{8C972E3C-E0D6-41CA-A982-F8C8BBD7097C} = {6EC387A7-C259-45B8-ABE7-A9132DF63813}
		{0B7885A5-30F8-4395-A4FD-3E6CAA3EF3B7} = {6EC387A7-C259-45B8-ABE7-A9132DF63813}
		{54563DC8-6FD9-4678-A500-6E89E6A053BC} = {6EC387A7-C259-45B8-ABE7-A9132DF63813}
		{38C49DDA-5D3E-409F-AD82-1F201C8B3817} = {6EC387A7-C259-45B8-ABE7-A9132DF63813}
		{9EF6CE22-F079-4824-AA89-3641C680AD26} = {6EC387A7-C259-45B8-ABE7-A9132DF63813}
		{2D98A471-0B48-4032-A3EF-A92377A8967C} = {4EE8A31F-E207-4D4C-828A-CD917C64D947}
		{003D8767-CD93-402C-B022-136C94550B99} = {4EE8A31F-E207-4D4C-828A-CD917C64D947}
		{085F36E4-FE64-43FB-81D2-AF6FCD33681A} = {4EE8A31F-E207-4D4C-828A-CD917C64D947}
		{E4150E03-3BCF-4FE9-89AE-A10A8027FB73} = {4EE8A31F-E207-4D4C-828A-CD917C64D947}
		{14C5366C-CEC3-4EFB-B95E-371AF4EA55D0} = {4EE8A31F-E207-4D4C-828A-CD917C64D947}
		{EBDD2F66-940D-4BA5-958F-EB6A88C1F03D} = {4EE8A31F-E207-4D4C-828A-CD917C64D947}
		{7C0054BD-192A-4BA7-90DE-123228A9D48B} = {4EE8A31F-E207-4D4C-828A-CD917C64D947}
		{EF3E2473-0CB9-4A49-9A6A-DC851536BA15} = {4EE8A31F-E207-4D4C-828A-CD917C64D947}
		{6EC387A7-C259-45B8-ABE7-A9132DF63813} = {04DBDB01-70F4-4E06-B468-8F87850B22BE}
		{4EE8A31F-E207-4D4C-828A-CD917C64D947} = {2093BE0C-0CF5-4965-AD30-F9B629CED09C}
		{1A94A50E-06DC-43C1-80B5-B662820EC3EB} = {CA9AC87F-097E-4F15-8393-4BC07735A5B0}
		{50B2631D-129C-47B3-A587-029CCD6099BC} = {04DBDB01-70F4-4E06-B468-8F87850B22BE}
		{0372FA84-C517-4EB3-9A9F-B9ACAC0CA5E0} = {CA9AC87F-097E-4F15-8393-4BC07735A5B0}
		{42F719ED-8413-4895-B5B4-5AB56079BC66} = {CA9AC87F-097E-4F15-8393-4BC07735A5B0}
		{520659C8-C734-4298-A3DA-B539DB9DFC0B} = {CA9AC87F-097E-4F15-8393-4BC07735A5B0}
		{4164BDF7-F527-4E85-9CE6-E3C2D7426A27} = {CA9AC87F-097E-4F15-8393-4BC07735A5B0}
		{3B5A0094-670D-4BB1-BFDD-61B88A8773DC} = {CA9AC87F-097E-4F15-8393-4BC07735A5B0}
		{6FE54035-9C11-4702-A5E2-D16F23101468} = {CA9AC87F-097E-4F15-8393-4BC07735A5B0}
		{073C361E-B8F4-49F5-93CC-72A3FF49C026} = {CA9AC87F-097E-4F15-8393-4BC07735A5B0}
		{E6D5BF0E-DE92-4D82-A352-EF04B37CB11C} = {CA9AC87F-097E-4F15-8393-4BC07735A5B0}
		{1FE30EB9-74A9-47F5-A9F6-7B1FAB672D81} = {04DBDB01-70F4-4E06-B468-8F87850B22BE}
		{91853F21-9CD9-4132-BC29-A7D5D84FFFE7} = {04DBDB01-70F4-4E06-B468-8F87850B22BE}
		{E512F4D9-9375-480F-A2F6-A46509F9D824} = {04DBDB01-70F4-4E06-B468-8F87850B22BE}
		{EF480016-9127-4916-8735-D2466BDBC582} = {04DBDB01-70F4-4E06-B468-8F87850B22BE}
		{70680696-BB1E-4383-BCB2-42C3767171FB} = {CA9AC87F-097E-4F15-8393-4BC07735A5B0}
	EndGlobalSection
	GlobalSection(ExtensibilityGlobals) = postSolution
		SolutionGuid = {93EAF0A7-BA30-29BB-CFA0-986944A56666}
	EndGlobalSection
EndGlobal
