
Microsoft Visual Studio Solution File, Format Version 12.00
# Visual Studio Version 17
VisualStudioVersion = 17.3.32804.467
MinimumVisualStudioVersion = 10.0.40219.1
Project("{9A19103F-16F7-4668-BE54-9A1E7A4F7556}") = "DMSpro.P42.Domain", "src\DMSpro.P42.Domain\DMSpro.P42.Domain.csproj", "{554AD327-6DBA-4F8F-96F8-81CE7A0C863F}"
EndProject
Project("{9A19103F-16F7-4668-BE54-9A1E7A4F7556}") = "DMSpro.P42.MDM.TestBase", "modules\DMSpro.P42.MDM\test\DMSpro.P42.MDM.TestBase\DMSpro.P42.MDM.TestBase.csproj", "{A2B63445-7F08-477C-999F-7FE73BD2546D}"
EndProject
Project("{9A19103F-16F7-4668-BE54-9A1E7A4F7556}") = "DMSpro.P42.MDM.HttpApi.Client.ConsoleTestApp", "modules\DMSpro.P42.MDM\test\DMSpro.P42.MDM.HttpApi.Client.ConsoleTestApp\DMSpro.P42.MDM.HttpApi.Client.ConsoleTestApp.csproj", "{CA6F027C-3DC7-4F4C-BDFD-2628730F7539}"
EndProject
Project("{9A19103F-16F7-4668-BE54-9A1E7A4F7556}") = "DMSpro.P42.MDM.EntityFrameworkCore.Tests", "modules\DMSpro.P42.MDM\test\DMSpro.P42.MDM.EntityFrameworkCore.Tests\DMSpro.P42.MDM.EntityFrameworkCore.Tests.csproj", "{0E746053-C282-40A8-8EF7-67376E8D3B8D}"
EndProject
Project("{9A19103F-16F7-4668-BE54-9A1E7A4F7556}") = "DMSpro.P42.MDM.Domain.Tests", "modules\DMSpro.P42.MDM\test\DMSpro.P42.MDM.Domain.Tests\DMSpro.P42.MDM.Domain.Tests.csproj", "{7C609310-ED32-4171-8E0B-4943EFD84FF2}"
EndProject
Project("{9A19103F-16F7-4668-BE54-9A1E7A4F7556}") = "DMSpro.P42.MDM.Application.Tests", "modules\DMSpro.P42.MDM\test\DMSpro.P42.MDM.Application.Tests\DMSpro.P42.MDM.Application.Tests.csproj", "{57A656ED-2FDF-467E-929B-6E55B219B4F0}"
EndProject
Project("{9A19103F-16F7-4668-BE54-9A1E7A4F7556}") = "DMSpro.P42.MDM.Web", "modules\DMSpro.P42.MDM\src\DMSpro.P42.MDM.Web\DMSpro.P42.MDM.Web.csproj", "{7D52D46C-61E6-40DD-9BE5-F5FDA4C2D081}"
EndProject
Project("{9A19103F-16F7-4668-BE54-9A1E7A4F7556}") = "DMSpro.P42.MDM.HttpApi.Client", "modules\DMSpro.P42.MDM\src\DMSpro.P42.MDM.HttpApi.Client\DMSpro.P42.MDM.HttpApi.Client.csproj", "{1DC2E238-4C21-4BFD-B5FD-28BE8B48E1D6}"
EndProject
Project("{9A19103F-16F7-4668-BE54-9A1E7A4F7556}") = "DMSpro.P42.MDM.HttpApi", "modules\DMSpro.P42.MDM\src\DMSpro.P42.MDM.HttpApi\DMSpro.P42.MDM.HttpApi.csproj", "{8F48F6E0-E295-459D-805C-8D04117F4F3F}"
EndProject
Project("{9A19103F-16F7-4668-BE54-9A1E7A4F7556}") = "DMSpro.P42.MDM.EntityFrameworkCore", "modules\DMSpro.P42.MDM\src\DMSpro.P42.MDM.EntityFrameworkCore\DMSpro.P42.MDM.EntityFrameworkCore.csproj", "{183116FE-E0A2-47A8-8E8B-97BE37777A8E}"
EndProject
Project("{9A19103F-16F7-4668-BE54-9A1E7A4F7556}") = "DMSpro.P42.MDM.Domain.Shared", "modules\DMSpro.P42.MDM\src\DMSpro.P42.MDM.Domain.Shared\DMSpro.P42.MDM.Domain.Shared.csproj", "{2CA956F4-ED4C-44F9-9B82-6CE74A2C477D}"
EndProject
Project("{9A19103F-16F7-4668-BE54-9A1E7A4F7556}") = "DMSpro.P42.MDM.Domain", "modules\DMSpro.P42.MDM\src\DMSpro.P42.MDM.Domain\DMSpro.P42.MDM.Domain.csproj", "{CD0A995A-148B-4A50-8720-A2C66205CAA5}"
EndProject
Project("{9A19103F-16F7-4668-BE54-9A1E7A4F7556}") = "DMSpro.P42.MDM.Application.Contracts", "modules\DMSpro.P42.MDM\src\DMSpro.P42.MDM.Application.Contracts\DMSpro.P42.MDM.Application.Contracts.csproj", "{B349764E-ED03-49CA-BA08-EDDCA6287B49}"
EndProject
Project("{9A19103F-16F7-4668-BE54-9A1E7A4F7556}") = "DMSpro.P42.MDM.Application", "modules\DMSpro.P42.MDM\src\DMSpro.P42.MDM.Application\DMSpro.P42.MDM.Application.csproj", "{CDD05C13-7B16-4B3E-9AAE-DE9F04C8F66D}"
EndProject
Project("{2150E333-8FDC-42A3-9474-1A3956D46DE8}") = "DMSpro.P42.MDM.Tests", "DMSpro.P42.MDM.Tests", "{74A68101-BB81-43DE-BA0F-F1DDF10CC875}"
EndProject
Project("{2150E333-8FDC-42A3-9474-1A3956D46DE8}") = "DMSpro.P42.MDM", "DMSpro.P42.MDM", "{A3490697-8D7B-4468-985D-B8CD9BB88224}"
EndProject
Project("{9A19103F-16F7-4668-BE54-9A1E7A4F7556}") = "DMSpro.P42.SO.TestBase", "modules\DMSpro.P42.SO\test\DMSpro.P42.SO.TestBase\DMSpro.P42.SO.TestBase.csproj", "{8C972E3C-E0D6-41CA-A982-F8C8BBD7097C}"
EndProject
Project("{9A19103F-16F7-4668-BE54-9A1E7A4F7556}") = "DMSpro.P42.SO.HttpApi.Client.ConsoleTestApp", "modules\DMSpro.P42.SO\test\DMSpro.P42.SO.HttpApi.Client.ConsoleTestApp\DMSpro.P42.SO.HttpApi.Client.ConsoleTestApp.csproj", "{0B7885A5-30F8-4395-A4FD-3E6CAA3EF3B7}"
EndProject
Project("{9A19103F-16F7-4668-BE54-9A1E7A4F7556}") = "DMSpro.P42.SO.EntityFrameworkCore.Tests", "modules\DMSpro.P42.SO\test\DMSpro.P42.SO.EntityFrameworkCore.Tests\DMSpro.P42.SO.EntityFrameworkCore.Tests.csproj", "{54563DC8-6FD9-4678-A500-6E89E6A053BC}"
EndProject
Project("{9A19103F-16F7-4668-BE54-9A1E7A4F7556}") = "DMSpro.P42.SO.Domain.Tests", "modules\DMSpro.P42.SO\test\DMSpro.P42.SO.Domain.Tests\DMSpro.P42.SO.Domain.Tests.csproj", "{38C49DDA-5D3E-409F-AD82-1F201C8B3817}"
EndProject
Project("{9A19103F-16F7-4668-BE54-9A1E7A4F7556}") = "DMSpro.P42.SO.Application.Tests", "modules\DMSpro.P42.SO\test\DMSpro.P42.SO.Application.Tests\DMSpro.P42.SO.Application.Tests.csproj", "{9EF6CE22-F079-4824-AA89-3641C680AD26}"
EndProject
Project("{9A19103F-16F7-4668-BE54-9A1E7A4F7556}") = "DMSpro.P42.SO.Web", "modules\DMSpro.P42.SO\src\DMSpro.P42.SO.Web\DMSpro.P42.SO.Web.csproj", "{2D98A471-0B48-4032-A3EF-A92377A8967C}"
EndProject
Project("{9A19103F-16F7-4668-BE54-9A1E7A4F7556}") = "DMSpro.P42.SO.HttpApi.Client", "modules\DMSpro.P42.SO\src\DMSpro.P42.SO.HttpApi.Client\DMSpro.P42.SO.HttpApi.Client.csproj", "{003D8767-CD93-402C-B022-136C94550B99}"
EndProject
Project("{9A19103F-16F7-4668-BE54-9A1E7A4F7556}") = "DMSpro.P42.SO.HttpApi", "modules\DMSpro.P42.SO\src\DMSpro.P42.SO.HttpApi\DMSpro.P42.SO.HttpApi.csproj", "{085F36E4-FE64-43FB-81D2-AF6FCD33681A}"
EndProject
Project("{9A19103F-16F7-4668-BE54-9A1E7A4F7556}") = "DMSpro.P42.SO.EntityFrameworkCore", "modules\DMSpro.P42.SO\src\DMSpro.P42.SO.EntityFrameworkCore\DMSpro.P42.SO.EntityFrameworkCore.csproj", "{E4150E03-3BCF-4FE9-89AE-A10A8027FB73}"
EndProject
Project("{9A19103F-16F7-4668-BE54-9A1E7A4F7556}") = "DMSpro.P42.SO.Domain.Shared", "modules\DMSpro.P42.SO\src\DMSpro.P42.SO.Domain.Shared\DMSpro.P42.SO.Domain.Shared.csproj", "{14C5366C-CEC3-4EFB-B95E-371AF4EA55D0}"
EndProject
Project("{9A19103F-16F7-4668-BE54-9A1E7A4F7556}") = "DMSpro.P42.SO.Domain", "modules\DMSpro.P42.SO\src\DMSpro.P42.SO.Domain\DMSpro.P42.SO.Domain.csproj", "{EBDD2F66-940D-4BA5-958F-EB6A88C1F03D}"
EndProject
Project("{9A19103F-16F7-4668-BE54-9A1E7A4F7556}") = "DMSpro.P42.SO.Application.Contracts", "modules\DMSpro.P42.SO\src\DMSpro.P42.SO.Application.Contracts\DMSpro.P42.SO.Application.Contracts.csproj", "{7C0054BD-192A-4BA7-90DE-123228A9D48B}"
EndProject
Project("{9A19103F-16F7-4668-BE54-9A1E7A4F7556}") = "DMSpro.P42.SO.Application", "modules\DMSpro.P42.SO\src\DMSpro.P42.SO.Application\DMSpro.P42.SO.Application.csproj", "{EF3E2473-0CB9-4A49-9A6A-DC851536BA15}"
EndProject
Project("{2150E333-8FDC-42A3-9474-1A3956D46DE8}") = "DMSpro.P42.SO.Tests", "DMSpro.P42.SO.Tests", "{6EC387A7-C259-45B8-ABE7-A9132DF63813}"
EndProject
Project("{2150E333-8FDC-42A3-9474-1A3956D46DE8}") = "DMSpro.P42.SO", "DMSpro.P42.SO", "{4EE8A31F-E207-4D4C-828A-CD917C64D947}"
EndProject
Project("{2150E333-8FDC-42A3-9474-1A3956D46DE8}") = "modules", "modules", "{2093BE0C-0CF5-4965-AD30-F9B629CED09C}"
EndProject
Project("{9A19103F-16F7-4668-BE54-9A1E7A4F7556}") = "DMSpro.P42.Application", "src\DMSpro.P42.Application\DMSpro.P42.Application.csproj", "{1A94A50E-06DC-43C1-80B5-B662820EC3EB}"
EndProject
Project("{2150E333-8FDC-42A3-9474-1A3956D46DE8}") = "src", "src", "{CA9AC87F-097E-4F15-8393-4BC07735A5B0}"
EndProject
Project("{2150E333-8FDC-42A3-9474-1A3956D46DE8}") = "test", "test", "{04DBDB01-70F4-4E06-B468-8F87850B22BE}"
EndProject
Project("{9A19103F-16F7-4668-BE54-9A1E7A4F7556}") = "DMSpro.P42.Application.Tests", "test\DMSpro.P42.Application.Tests\DMSpro.P42.Application.Tests.csproj", "{50B2631D-129C-47B3-A587-029CCD6099BC}"
EndProject
Project("{9A19103F-16F7-4668-BE54-9A1E7A4F7556}") = "DMSpro.P42.EntityFrameworkCore", "src\DMSpro.P42.EntityFrameworkCore\DMSpro.P42.EntityFrameworkCore.csproj", "{0372FA84-C517-4EB3-9A9F-B9ACAC0CA5E0}"
EndProject
Project("{9A19103F-16F7-4668-BE54-9A1E7A4F7556}") = "DMSpro.P42.Domain.Shared", "src\DMSpro.P42.Domain.Shared\DMSpro.P42.Domain.Shared.csproj", "{42F719ED-8413-4895-B5B4-5AB56079BC66}"
EndProject
Project("{9A19103F-16F7-4668-BE54-9A1E7A4F7556}") = "DMSpro.P42.Application.Contracts", "src\DMSpro.P42.Application.Contracts\DMSpro.P42.Application.Contracts.csproj", "{520659C8-C734-4298-A3DA-B539DB9DFC0B}"
EndProject
Project("{9A19103F-16F7-4668-BE54-9A1E7A4F7556}") = "DMSpro.P42.HttpApi", "src\DMSpro.P42.HttpApi\DMSpro.P42.HttpApi.csproj", "{4164BDF7-F527-4E85-9CE6-E3C2D7426A27}"
EndProject
Project("{9A19103F-16F7-4668-BE54-9A1E7A4F7556}") = "DMSpro.P42.HttpApi.Client", "src\DMSpro.P42.HttpApi.Client\DMSpro.P42.HttpApi.Client.csproj", "{3B5A0094-670D-4BB1-BFDD-61B88A8773DC}"
EndProject
Project("{9A19103F-16F7-4668-BE54-9A1E7A4F7556}") = "DMSpro.P42.Web", "src\DMSpro.P42.Web\DMSpro.P42.Web.csproj", "{6FE54035-9C11-4702-A5E2-D16F23101468}"
EndProject
Project("{9A19103F-16F7-4668-BE54-9A1E7A4F7556}") = "DMSpro.P42.IdentityServer", "src\DMSpro.P42.IdentityServer\DMSpro.P42.IdentityServer.csproj", "{073C361E-B8F4-49F5-93CC-72A3FF49C026}"
EndProject
Project("{9A19103F-16F7-4668-BE54-9A1E7A4F7556}") = "DMSpro.P42.HttpApi.Host", "src\DMSpro.P42.HttpApi.Host\DMSpro.P42.HttpApi.Host.csproj", "{E6D5BF0E-DE92-4D82-A352-EF04B37CB11C}"
EndProject
Project("{9A19103F-16F7-4668-BE54-9A1E7A4F7556}") = "DMSpro.P42.EntityFrameworkCore.Tests", "test\DMSpro.P42.EntityFrameworkCore.Tests\DMSpro.P42.EntityFrameworkCore.Tests.csproj", "{1FE30EB9-74A9-47F5-A9F6-7B1FAB672D81}"
EndProject
Project("{9A19103F-16F7-4668-BE54-9A1E7A4F7556}") = "DMSpro.P42.TestBase", "test\DMSpro.P42.TestBase\DMSpro.P42.TestBase.csproj", "{91853F21-9CD9-4132-BC29-A7D5D84FFFE7}"
EndProject
Project("{9A19103F-16F7-4668-BE54-9A1E7A4F7556}") = "DMSpro.P42.Domain.Tests", "test\DMSpro.P42.Domain.Tests\DMSpro.P42.Domain.Tests.csproj", "{E512F4D9-9375-480F-A2F6-A46509F9D824}"
EndProject
Project("{9A19103F-16F7-4668-BE54-9A1E7A4F7556}") = "DMSpro.P42.HttpApi.Client.ConsoleTestApp", "test\DMSpro.P42.HttpApi.Client.ConsoleTestApp\DMSpro.P42.HttpApi.Client.ConsoleTestApp.csproj", "{EF480016-9127-4916-8735-D2466BDBC582}"
EndProject
Project("{9A19103F-16F7-4668-BE54-9A1E7A4F7556}") = "DMSpro.P42.DbMigrator", "src\DMSpro.P42.DbMigrator\DMSpro.P42.DbMigrator.csproj", "{70680696-BB1E-4383-BCB2-42C3767171FB}"
EndProject
Project("{2150E333-8FDC-42A3-9474-1A3956D46DE8}") = "Solution Items", "Solution Items", "{813CBC77-996C-4849-8AAB-4A28D9AC3A46}"
	ProjectSection(SolutionItems) = preProject
		.editorconfig = .editorconfig
	EndProjectSection
EndProject
Global
	GlobalSection(SolutionConfigurationPlatforms) = preSolution
		Debug|Any CPU = Debug|Any CPU
		Release|Any CPU = Release|Any CPU
	EndGlobalSection
	GlobalSection(ProjectConfigurationPlatforms) = postSolution
		{554AD327-6DBA-4F8F-96F8-81CE7A0C863F}.Debug|Any CPU.ActiveCfg = Debug|Any CPU
		{554AD327-6DBA-4F8F-96F8-81CE7A0C863F}.Debug|Any CPU.Build.0 = Debug|Any CPU
		{554AD327-6DBA-4F8F-96F8-81CE7A0C863F}.Release|Any CPU.ActiveCfg = Release|Any CPU
		{554AD327-6DBA-4F8F-96F8-81CE7A0C863F}.Release|Any CPU.Build.0 = Release|Any CPU
		{A2B63445-7F08-477C-999F-7FE73BD2546D}.Debug|Any CPU.ActiveCfg = Debug|Any CPU
		{A2B63445-7F08-477C-999F-7FE73BD2546D}.Debug|Any CPU.Build.0 = Debug|Any CPU
		{A2B63445-7F08-477C-999F-7FE73BD2546D}.Release|Any CPU.ActiveCfg = Release|Any CPU
		{A2B63445-7F08-477C-999F-7FE73BD2546D}.Release|Any CPU.Build.0 = Release|Any CPU
		{CA6F027C-3DC7-4F4C-BDFD-2628730F7539}.Debug|Any CPU.ActiveCfg = Debug|Any CPU
		{CA6F027C-3DC7-4F4C-BDFD-2628730F7539}.Debug|Any CPU.Build.0 = Debug|Any CPU
		{CA6F027C-3DC7-4F4C-BDFD-2628730F7539}.Release|Any CPU.ActiveCfg = Release|Any CPU
		{CA6F027C-3DC7-4F4C-BDFD-2628730F7539}.Release|Any CPU.Build.0 = Release|Any CPU
		{0E746053-C282-40A8-8EF7-67376E8D3B8D}.Debug|Any CPU.ActiveCfg = Debug|Any CPU
		{0E746053-C282-40A8-8EF7-67376E8D3B8D}.Debug|Any CPU.Build.0 = Debug|Any CPU
		{0E746053-C282-40A8-8EF7-67376E8D3B8D}.Release|Any CPU.ActiveCfg = Release|Any CPU
		{0E746053-C282-40A8-8EF7-67376E8D3B8D}.Release|Any CPU.Build.0 = Release|Any CPU
		{7C609310-ED32-4171-8E0B-4943EFD84FF2}.Debug|Any CPU.ActiveCfg = Debug|Any CPU
		{7C609310-ED32-4171-8E0B-4943EFD84FF2}.Debug|Any CPU.Build.0 = Debug|Any CPU
		{7C609310-ED32-4171-8E0B-4943EFD84FF2}.Release|Any CPU.ActiveCfg = Release|Any CPU
		{7C609310-ED32-4171-8E0B-4943EFD84FF2}.Release|Any CPU.Build.0 = Release|Any CPU
		{57A656ED-2FDF-467E-929B-6E55B219B4F0}.Debug|Any CPU.ActiveCfg = Debug|Any CPU
		{57A656ED-2FDF-467E-929B-6E55B219B4F0}.Debug|Any CPU.Build.0 = Debug|Any CPU
		{57A656ED-2FDF-467E-929B-6E55B219B4F0}.Release|Any CPU.ActiveCfg = Release|Any CPU
		{57A656ED-2FDF-467E-929B-6E55B219B4F0}.Release|Any CPU.Build.0 = Release|Any CPU
		{7D52D46C-61E6-40DD-9BE5-F5FDA4C2D081}.Debug|Any CPU.ActiveCfg = Debug|Any CPU
		{7D52D46C-61E6-40DD-9BE5-F5FDA4C2D081}.Debug|Any CPU.Build.0 = Debug|Any CPU
		{7D52D46C-61E6-40DD-9BE5-F5FDA4C2D081}.Release|Any CPU.ActiveCfg = Release|Any CPU
		{7D52D46C-61E6-40DD-9BE5-F5FDA4C2D081}.Release|Any CPU.Build.0 = Release|Any CPU
		{1DC2E238-4C21-4BFD-B5FD-28BE8B48E1D6}.Debug|Any CPU.ActiveCfg = Debug|Any CPU
		{1DC2E238-4C21-4BFD-B5FD-28BE8B48E1D6}.Debug|Any CPU.Build.0 = Debug|Any CPU
		{1DC2E238-4C21-4BFD-B5FD-28BE8B48E1D6}.Release|Any CPU.ActiveCfg = Release|Any CPU
		{1DC2E238-4C21-4BFD-B5FD-28BE8B48E1D6}.Release|Any CPU.Build.0 = Release|Any CPU
		{8F48F6E0-E295-459D-805C-8D04117F4F3F}.Debug|Any CPU.ActiveCfg = Debug|Any CPU
		{8F48F6E0-E295-459D-805C-8D04117F4F3F}.Debug|Any CPU.Build.0 = Debug|Any CPU
		{8F48F6E0-E295-459D-805C-8D04117F4F3F}.Release|Any CPU.ActiveCfg = Release|Any CPU
		{8F48F6E0-E295-459D-805C-8D04117F4F3F}.Release|Any CPU.Build.0 = Release|Any CPU
		{183116FE-E0A2-47A8-8E8B-97BE37777A8E}.Debug|Any CPU.ActiveCfg = Debug|Any CPU
		{183116FE-E0A2-47A8-8E8B-97BE37777A8E}.Debug|Any CPU.Build.0 = Debug|Any CPU
		{183116FE-E0A2-47A8-8E8B-97BE37777A8E}.Release|Any CPU.ActiveCfg = Release|Any CPU
		{183116FE-E0A2-47A8-8E8B-97BE37777A8E}.Release|Any CPU.Build.0 = Release|Any CPU
		{2CA956F4-ED4C-44F9-9B82-6CE74A2C477D}.Debug|Any CPU.ActiveCfg = Debug|Any CPU
		{2CA956F4-ED4C-44F9-9B82-6CE74A2C477D}.Debug|Any CPU.Build.0 = Debug|Any CPU
		{2CA956F4-ED4C-44F9-9B82-6CE74A2C477D}.Release|Any CPU.ActiveCfg = Release|Any CPU
		{2CA956F4-ED4C-44F9-9B82-6CE74A2C477D}.Release|Any CPU.Build.0 = Release|Any CPU
		{CD0A995A-148B-4A50-8720-A2C66205CAA5}.Debug|Any CPU.ActiveCfg = Debug|Any CPU
		{CD0A995A-148B-4A50-8720-A2C66205CAA5}.Debug|Any CPU.Build.0 = Debug|Any CPU
		{CD0A995A-148B-4A50-8720-A2C66205CAA5}.Release|Any CPU.ActiveCfg = Release|Any CPU
		{CD0A995A-148B-4A50-8720-A2C66205CAA5}.Release|Any CPU.Build.0 = Release|Any CPU
		{B349764E-ED03-49CA-BA08-EDDCA6287B49}.Debug|Any CPU.ActiveCfg = Debug|Any CPU
		{B349764E-ED03-49CA-BA08-EDDCA6287B49}.Debug|Any CPU.Build.0 = Debug|Any CPU
		{B349764E-ED03-49CA-BA08-EDDCA6287B49}.Release|Any CPU.ActiveCfg = Release|Any CPU
		{B349764E-ED03-49CA-BA08-EDDCA6287B49}.Release|Any CPU.Build.0 = Release|Any CPU
		{CDD05C13-7B16-4B3E-9AAE-DE9F04C8F66D}.Debug|Any CPU.ActiveCfg = Debug|Any CPU
		{CDD05C13-7B16-4B3E-9AAE-DE9F04C8F66D}.Debug|Any CPU.Build.0 = Debug|Any CPU
		{CDD05C13-7B16-4B3E-9AAE-DE9F04C8F66D}.Release|Any CPU.ActiveCfg = Release|Any CPU
		{CDD05C13-7B16-4B3E-9AAE-DE9F04C8F66D}.Release|Any CPU.Build.0 = Release|Any CPU
		{8C972E3C-E0D6-41CA-A982-F8C8BBD7097C}.Debug|Any CPU.ActiveCfg = Debug|Any CPU
		{8C972E3C-E0D6-41CA-A982-F8C8BBD7097C}.Debug|Any CPU.Build.0 = Debug|Any CPU
		{8C972E3C-E0D6-41CA-A982-F8C8BBD7097C}.Release|Any CPU.ActiveCfg = Release|Any CPU
		{8C972E3C-E0D6-41CA-A982-F8C8BBD7097C}.Release|Any CPU.Build.0 = Release|Any CPU
		{0B7885A5-30F8-4395-A4FD-3E6CAA3EF3B7}.Debug|Any CPU.ActiveCfg = Debug|Any CPU
		{0B7885A5-30F8-4395-A4FD-3E6CAA3EF3B7}.Debug|Any CPU.Build.0 = Debug|Any CPU
		{0B7885A5-30F8-4395-A4FD-3E6CAA3EF3B7}.Release|Any CPU.ActiveCfg = Release|Any CPU
		{0B7885A5-30F8-4395-A4FD-3E6CAA3EF3B7}.Release|Any CPU.Build.0 = Release|Any CPU
		{54563DC8-6FD9-4678-A500-6E89E6A053BC}.Debug|Any CPU.ActiveCfg = Debug|Any CPU
		{54563DC8-6FD9-4678-A500-6E89E6A053BC}.Debug|Any CPU.Build.0 = Debug|Any CPU
		{54563DC8-6FD9-4678-A500-6E89E6A053BC}.Release|Any CPU.ActiveCfg = Release|Any CPU
		{54563DC8-6FD9-4678-A500-6E89E6A053BC}.Release|Any CPU.Build.0 = Release|Any CPU
		{38C49DDA-5D3E-409F-AD82-1F201C8B3817}.Debug|Any CPU.ActiveCfg = Debug|Any CPU
		{38C49DDA-5D3E-409F-AD82-1F201C8B3817}.Debug|Any CPU.Build.0 = Debug|Any CPU
		{38C49DDA-5D3E-409F-AD82-1F201C8B3817}.Release|Any CPU.ActiveCfg = Release|Any CPU
		{38C49DDA-5D3E-409F-AD82-1F201C8B3817}.Release|Any CPU.Build.0 = Release|Any CPU
		{9EF6CE22-F079-4824-AA89-3641C680AD26}.Debug|Any CPU.ActiveCfg = Debug|Any CPU
		{9EF6CE22-F079-4824-AA89-3641C680AD26}.Debug|Any CPU.Build.0 = Debug|Any CPU
		{9EF6CE22-F079-4824-AA89-3641C680AD26}.Release|Any CPU.ActiveCfg = Release|Any CPU
		{9EF6CE22-F079-4824-AA89-3641C680AD26}.Release|Any CPU.Build.0 = Release|Any CPU
		{2D98A471-0B48-4032-A3EF-A92377A8967C}.Debug|Any CPU.ActiveCfg = Debug|Any CPU
		{2D98A471-0B48-4032-A3EF-A92377A8967C}.Debug|Any CPU.Build.0 = Debug|Any CPU
		{2D98A471-0B48-4032-A3EF-A92377A8967C}.Release|Any CPU.ActiveCfg = Release|Any CPU
		{2D98A471-0B48-4032-A3EF-A92377A8967C}.Release|Any CPU.Build.0 = Release|Any CPU
		{003D8767-CD93-402C-B022-136C94550B99}.Debug|Any CPU.ActiveCfg = Debug|Any CPU
		{003D8767-CD93-402C-B022-136C94550B99}.Debug|Any CPU.Build.0 = Debug|Any CPU
		{003D8767-CD93-402C-B022-136C94550B99}.Release|Any CPU.ActiveCfg = Release|Any CPU
		{003D8767-CD93-402C-B022-136C94550B99}.Release|Any CPU.Build.0 = Release|Any CPU
		{085F36E4-FE64-43FB-81D2-AF6FCD33681A}.Debug|Any CPU.ActiveCfg = Debug|Any CPU
		{085F36E4-FE64-43FB-81D2-AF6FCD33681A}.Debug|Any CPU.Build.0 = Debug|Any CPU
		{085F36E4-FE64-43FB-81D2-AF6FCD33681A}.Release|Any CPU.ActiveCfg = Release|Any CPU
		{085F36E4-FE64-43FB-81D2-AF6FCD33681A}.Release|Any CPU.Build.0 = Release|Any CPU
		{E4150E03-3BCF-4FE9-89AE-A10A8027FB73}.Debug|Any CPU.ActiveCfg = Debug|Any CPU
		{E4150E03-3BCF-4FE9-89AE-A10A8027FB73}.Debug|Any CPU.Build.0 = Debug|Any CPU
		{E4150E03-3BCF-4FE9-89AE-A10A8027FB73}.Release|Any CPU.ActiveCfg = Release|Any CPU
		{E4150E03-3BCF-4FE9-89AE-A10A8027FB73}.Release|Any CPU.Build.0 = Release|Any CPU
		{14C5366C-CEC3-4EFB-B95E-371AF4EA55D0}.Debug|Any CPU.ActiveCfg = Debug|Any CPU
		{14C5366C-CEC3-4EFB-B95E-371AF4EA55D0}.Debug|Any CPU.Build.0 = Debug|Any CPU
		{14C5366C-CEC3-4EFB-B95E-371AF4EA55D0}.Release|Any CPU.ActiveCfg = Release|Any CPU
		{14C5366C-CEC3-4EFB-B95E-371AF4EA55D0}.Release|Any CPU.Build.0 = Release|Any CPU
		{EBDD2F66-940D-4BA5-958F-EB6A88C1F03D}.Debug|Any CPU.ActiveCfg = Debug|Any CPU
		{EBDD2F66-940D-4BA5-958F-EB6A88C1F03D}.Debug|Any CPU.Build.0 = Debug|Any CPU
		{EBDD2F66-940D-4BA5-958F-EB6A88C1F03D}.Release|Any CPU.ActiveCfg = Release|Any CPU
		{EBDD2F66-940D-4BA5-958F-EB6A88C1F03D}.Release|Any CPU.Build.0 = Release|Any CPU
		{7C0054BD-192A-4BA7-90DE-123228A9D48B}.Debug|Any CPU.ActiveCfg = Debug|Any CPU
		{7C0054BD-192A-4BA7-90DE-123228A9D48B}.Debug|Any CPU.Build.0 = Debug|Any CPU
		{7C0054BD-192A-4BA7-90DE-123228A9D48B}.Release|Any CPU.ActiveCfg = Release|Any CPU
		{7C0054BD-192A-4BA7-90DE-123228A9D48B}.Release|Any CPU.Build.0 = Release|Any CPU
		{EF3E2473-0CB9-4A49-9A6A-DC851536BA15}.Debug|Any CPU.ActiveCfg = Debug|Any CPU
		{EF3E2473-0CB9-4A49-9A6A-DC851536BA15}.Debug|Any CPU.Build.0 = Debug|Any CPU
		{EF3E2473-0CB9-4A49-9A6A-DC851536BA15}.Release|Any CPU.ActiveCfg = Release|Any CPU
		{EF3E2473-0CB9-4A49-9A6A-DC851536BA15}.Release|Any CPU.Build.0 = Release|Any CPU
		{1A94A50E-06DC-43C1-80B5-B662820EC3EB}.Debug|Any CPU.ActiveCfg = Debug|Any CPU
		{1A94A50E-06DC-43C1-80B5-B662820EC3EB}.Debug|Any CPU.Build.0 = Debug|Any CPU
		{1A94A50E-06DC-43C1-80B5-B662820EC3EB}.Release|Any CPU.ActiveCfg = Release|Any CPU
		{1A94A50E-06DC-43C1-80B5-B662820EC3EB}.Release|Any CPU.Build.0 = Release|Any CPU
		{50B2631D-129C-47B3-A587-029CCD6099BC}.Debug|Any CPU.ActiveCfg = Debug|Any CPU
		{50B2631D-129C-47B3-A587-029CCD6099BC}.Debug|Any CPU.Build.0 = Debug|Any CPU
		{50B2631D-129C-47B3-A587-029CCD6099BC}.Release|Any CPU.ActiveCfg = Release|Any CPU
		{50B2631D-129C-47B3-A587-029CCD6099BC}.Release|Any CPU.Build.0 = Release|Any CPU
		{0372FA84-C517-4EB3-9A9F-B9ACAC0CA5E0}.Debug|Any CPU.ActiveCfg = Debug|Any CPU
		{0372FA84-C517-4EB3-9A9F-B9ACAC0CA5E0}.Debug|Any CPU.Build.0 = Debug|Any CPU
		{0372FA84-C517-4EB3-9A9F-B9ACAC0CA5E0}.Release|Any CPU.ActiveCfg = Release|Any CPU
		{0372FA84-C517-4EB3-9A9F-B9ACAC0CA5E0}.Release|Any CPU.Build.0 = Release|Any CPU
		{42F719ED-8413-4895-B5B4-5AB56079BC66}.Debug|Any CPU.ActiveCfg = Debug|Any CPU
		{42F719ED-8413-4895-B5B4-5AB56079BC66}.Debug|Any CPU.Build.0 = Debug|Any CPU
		{42F719ED-8413-4895-B5B4-5AB56079BC66}.Release|Any CPU.ActiveCfg = Release|Any CPU
		{42F719ED-8413-4895-B5B4-5AB56079BC66}.Release|Any CPU.Build.0 = Release|Any CPU
		{520659C8-C734-4298-A3DA-B539DB9DFC0B}.Debug|Any CPU.ActiveCfg = Debug|Any CPU
		{520659C8-C734-4298-A3DA-B539DB9DFC0B}.Debug|Any CPU.Build.0 = Debug|Any CPU
		{520659C8-C734-4298-A3DA-B539DB9DFC0B}.Release|Any CPU.ActiveCfg = Release|Any CPU
		{520659C8-C734-4298-A3DA-B539DB9DFC0B}.Release|Any CPU.Build.0 = Release|Any CPU
		{4164BDF7-F527-4E85-9CE6-E3C2D7426A27}.Debug|Any CPU.ActiveCfg = Debug|Any CPU
		{4164BDF7-F527-4E85-9CE6-E3C2D7426A27}.Debug|Any CPU.Build.0 = Debug|Any CPU
		{4164BDF7-F527-4E85-9CE6-E3C2D7426A27}.Release|Any CPU.ActiveCfg = Release|Any CPU
		{4164BDF7-F527-4E85-9CE6-E3C2D7426A27}.Release|Any CPU.Build.0 = Release|Any CPU
		{3B5A0094-670D-4BB1-BFDD-61B88A8773DC}.Debug|Any CPU.ActiveCfg = Debug|Any CPU
		{3B5A0094-670D-4BB1-BFDD-61B88A8773DC}.Debug|Any CPU.Build.0 = Debug|Any CPU
		{3B5A0094-670D-4BB1-BFDD-61B88A8773DC}.Release|Any CPU.ActiveCfg = Release|Any CPU
		{3B5A0094-670D-4BB1-BFDD-61B88A8773DC}.Release|Any CPU.Build.0 = Release|Any CPU
		{6FE54035-9C11-4702-A5E2-D16F23101468}.Debug|Any CPU.ActiveCfg = Debug|Any CPU
		{6FE54035-9C11-4702-A5E2-D16F23101468}.Debug|Any CPU.Build.0 = Debug|Any CPU
		{6FE54035-9C11-4702-A5E2-D16F23101468}.Release|Any CPU.ActiveCfg = Release|Any CPU
		{6FE54035-9C11-4702-A5E2-D16F23101468}.Release|Any CPU.Build.0 = Release|Any CPU
		{073C361E-B8F4-49F5-93CC-72A3FF49C026}.Debug|Any CPU.ActiveCfg = Debug|Any CPU
		{073C361E-B8F4-49F5-93CC-72A3FF49C026}.Debug|Any CPU.Build.0 = Debug|Any CPU
		{073C361E-B8F4-49F5-93CC-72A3FF49C026}.Release|Any CPU.ActiveCfg = Release|Any CPU
		{073C361E-B8F4-49F5-93CC-72A3FF49C026}.Release|Any CPU.Build.0 = Release|Any CPU
		{E6D5BF0E-DE92-4D82-A352-EF04B37CB11C}.Debug|Any CPU.ActiveCfg = Debug|Any CPU
		{E6D5BF0E-DE92-4D82-A352-EF04B37CB11C}.Debug|Any CPU.Build.0 = Debug|Any CPU
		{E6D5BF0E-DE92-4D82-A352-EF04B37CB11C}.Release|Any CPU.ActiveCfg = Release|Any CPU
		{E6D5BF0E-DE92-4D82-A352-EF04B37CB11C}.Release|Any CPU.Build.0 = Release|Any CPU
		{1FE30EB9-74A9-47F5-A9F6-7B1FAB672D81}.Debug|Any CPU.ActiveCfg = Debug|Any CPU
		{1FE30EB9-74A9-47F5-A9F6-7B1FAB672D81}.Debug|Any CPU.Build.0 = Debug|Any CPU
		{1FE30EB9-74A9-47F5-A9F6-7B1FAB672D81}.Release|Any CPU.ActiveCfg = Release|Any CPU
		{1FE30EB9-74A9-47F5-A9F6-7B1FAB672D81}.Release|Any CPU.Build.0 = Release|Any CPU
		{91853F21-9CD9-4132-BC29-A7D5D84FFFE7}.Debug|Any CPU.ActiveCfg = Debug|Any CPU
		{91853F21-9CD9-4132-BC29-A7D5D84FFFE7}.Debug|Any CPU.Build.0 = Debug|Any CPU
		{91853F21-9CD9-4132-BC29-A7D5D84FFFE7}.Release|Any CPU.ActiveCfg = Release|Any CPU
		{91853F21-9CD9-4132-BC29-A7D5D84FFFE7}.Release|Any CPU.Build.0 = Release|Any CPU
		{E512F4D9-9375-480F-A2F6-A46509F9D824}.Debug|Any CPU.ActiveCfg = Debug|Any CPU
		{E512F4D9-9375-480F-A2F6-A46509F9D824}.Debug|Any CPU.Build.0 = Debug|Any CPU
		{E512F4D9-9375-480F-A2F6-A46509F9D824}.Release|Any CPU.ActiveCfg = Release|Any CPU
		{E512F4D9-9375-480F-A2F6-A46509F9D824}.Release|Any CPU.Build.0 = Release|Any CPU
		{EF480016-9127-4916-8735-D2466BDBC582}.Debug|Any CPU.ActiveCfg = Debug|Any CPU
		{EF480016-9127-4916-8735-D2466BDBC582}.Debug|Any CPU.Build.0 = Debug|Any CPU
		{EF480016-9127-4916-8735-D2466BDBC582}.Release|Any CPU.ActiveCfg = Release|Any CPU
		{EF480016-9127-4916-8735-D2466BDBC582}.Release|Any CPU.Build.0 = Release|Any CPU
		{70680696-BB1E-4383-BCB2-42C3767171FB}.Debug|Any CPU.ActiveCfg = Debug|Any CPU
		{70680696-BB1E-4383-BCB2-42C3767171FB}.Debug|Any CPU.Build.0 = Debug|Any CPU
		{70680696-BB1E-4383-BCB2-42C3767171FB}.Release|Any CPU.ActiveCfg = Release|Any CPU
		{70680696-BB1E-4383-BCB2-42C3767171FB}.Release|Any CPU.Build.0 = Release|Any CPU
	EndGlobalSection
	GlobalSection(SolutionProperties) = preSolution
		HideSolutionNode = FALSE
	EndGlobalSection
	GlobalSection(NestedProjects) = preSolution
		{554AD327-6DBA-4F8F-96F8-81CE7A0C863F} = {CA9AC87F-097E-4F15-8393-4BC07735A5B0}
		{A2B63445-7F08-477C-999F-7FE73BD2546D} = {74A68101-BB81-43DE-BA0F-F1DDF10CC875}
		{CA6F027C-3DC7-4F4C-BDFD-2628730F7539} = {74A68101-BB81-43DE-BA0F-F1DDF10CC875}
		{0E746053-C282-40A8-8EF7-67376E8D3B8D} = {74A68101-BB81-43DE-BA0F-F1DDF10CC875}
		{7C609310-ED32-4171-8E0B-4943EFD84FF2} = {74A68101-BB81-43DE-BA0F-F1DDF10CC875}
		{57A656ED-2FDF-467E-929B-6E55B219B4F0} = {74A68101-BB81-43DE-BA0F-F1DDF10CC875}
		{7D52D46C-61E6-40DD-9BE5-F5FDA4C2D081} = {A3490697-8D7B-4468-985D-B8CD9BB88224}
		{1DC2E238-4C21-4BFD-B5FD-28BE8B48E1D6} = {A3490697-8D7B-4468-985D-B8CD9BB88224}
		{8F48F6E0-E295-459D-805C-8D04117F4F3F} = {A3490697-8D7B-4468-985D-B8CD9BB88224}
		{183116FE-E0A2-47A8-8E8B-97BE37777A8E} = {A3490697-8D7B-4468-985D-B8CD9BB88224}
		{2CA956F4-ED4C-44F9-9B82-6CE74A2C477D} = {A3490697-8D7B-4468-985D-B8CD9BB88224}
		{CD0A995A-148B-4A50-8720-A2C66205CAA5} = {A3490697-8D7B-4468-985D-B8CD9BB88224}
		{B349764E-ED03-49CA-BA08-EDDCA6287B49} = {A3490697-8D7B-4468-985D-B8CD9BB88224}
		{CDD05C13-7B16-4B3E-9AAE-DE9F04C8F66D} = {A3490697-8D7B-4468-985D-B8CD9BB88224}
		{74A68101-BB81-43DE-BA0F-F1DDF10CC875} = {04DBDB01-70F4-4E06-B468-8F87850B22BE}
		{A3490697-8D7B-4468-985D-B8CD9BB88224} = {2093BE0C-0CF5-4965-AD30-F9B629CED09C}
		{8C972E3C-E0D6-41CA-A982-F8C8BBD7097C} = {6EC387A7-C259-45B8-ABE7-A9132DF63813}
		{0B7885A5-30F8-4395-A4FD-3E6CAA3EF3B7} = {6EC387A7-C259-45B8-ABE7-A9132DF63813}
		{54563DC8-6FD9-4678-A500-6E89E6A053BC} = {6EC387A7-C259-45B8-ABE7-A9132DF63813}
		{38C49DDA-5D3E-409F-AD82-1F201C8B3817} = {6EC387A7-C259-45B8-ABE7-A9132DF63813}
		{9EF6CE22-F079-4824-AA89-3641C680AD26} = {6EC387A7-C259-45B8-ABE7-A9132DF63813}
		{2D98A471-0B48-4032-A3EF-A92377A8967C} = {4EE8A31F-E207-4D4C-828A-CD917C64D947}
		{003D8767-CD93-402C-B022-136C94550B99} = {4EE8A31F-E207-4D4C-828A-CD917C64D947}
		{085F36E4-FE64-43FB-81D2-AF6FCD33681A} = {4EE8A31F-E207-4D4C-828A-CD917C64D947}
		{E4150E03-3BCF-4FE9-89AE-A10A8027FB73} = {4EE8A31F-E207-4D4C-828A-CD917C64D947}
		{14C5366C-CEC3-4EFB-B95E-371AF4EA55D0} = {4EE8A31F-E207-4D4C-828A-CD917C64D947}
		{EBDD2F66-940D-4BA5-958F-EB6A88C1F03D} = {4EE8A31F-E207-4D4C-828A-CD917C64D947}
		{7C0054BD-192A-4BA7-90DE-123228A9D48B} = {4EE8A31F-E207-4D4C-828A-CD917C64D947}
		{EF3E2473-0CB9-4A49-9A6A-DC851536BA15} = {4EE8A31F-E207-4D4C-828A-CD917C64D947}
		{6EC387A7-C259-45B8-ABE7-A9132DF63813} = {04DBDB01-70F4-4E06-B468-8F87850B22BE}
		{4EE8A31F-E207-4D4C-828A-CD917C64D947} = {2093BE0C-0CF5-4965-AD30-F9B629CED09C}
		{1A94A50E-06DC-43C1-80B5-B662820EC3EB} = {CA9AC87F-097E-4F15-8393-4BC07735A5B0}
		{50B2631D-129C-47B3-A587-029CCD6099BC} = {04DBDB01-70F4-4E06-B468-8F87850B22BE}
		{0372FA84-C517-4EB3-9A9F-B9ACAC0CA5E0} = {CA9AC87F-097E-4F15-8393-4BC07735A5B0}
		{42F719ED-8413-4895-B5B4-5AB56079BC66} = {CA9AC87F-097E-4F15-8393-4BC07735A5B0}
		{520659C8-C734-4298-A3DA-B539DB9DFC0B} = {CA9AC87F-097E-4F15-8393-4BC07735A5B0}
		{4164BDF7-F527-4E85-9CE6-E3C2D7426A27} = {CA9AC87F-097E-4F15-8393-4BC07735A5B0}
		{3B5A0094-670D-4BB1-BFDD-61B88A8773DC} = {CA9AC87F-097E-4F15-8393-4BC07735A5B0}
		{6FE54035-9C11-4702-A5E2-D16F23101468} = {CA9AC87F-097E-4F15-8393-4BC07735A5B0}
		{073C361E-B8F4-49F5-93CC-72A3FF49C026} = {CA9AC87F-097E-4F15-8393-4BC07735A5B0}
		{E6D5BF0E-DE92-4D82-A352-EF04B37CB11C} = {CA9AC87F-097E-4F15-8393-4BC07735A5B0}
		{1FE30EB9-74A9-47F5-A9F6-7B1FAB672D81} = {04DBDB01-70F4-4E06-B468-8F87850B22BE}
		{91853F21-9CD9-4132-BC29-A7D5D84FFFE7} = {04DBDB01-70F4-4E06-B468-8F87850B22BE}
		{E512F4D9-9375-480F-A2F6-A46509F9D824} = {04DBDB01-70F4-4E06-B468-8F87850B22BE}
		{EF480016-9127-4916-8735-D2466BDBC582} = {04DBDB01-70F4-4E06-B468-8F87850B22BE}
		{70680696-BB1E-4383-BCB2-42C3767171FB} = {CA9AC87F-097E-4F15-8393-4BC07735A5B0}
	EndGlobalSection
	GlobalSection(ExtensibilityGlobals) = postSolution
		SolutionGuid = {93EAF0A7-BA30-29BB-CFA0-986944A56666}
	EndGlobalSection
EndGlobal
